// !$*UTF8*$!
{
	archiveVersion = 1;
	classes = {
	};
	objectVersion = 52;
	objects = {

/* Begin PBXBuildFile section */
		9E016FAF252CCA4E00C2B85C /* FirebaseFirestoreSwift in Frameworks */ = {isa = PBXBuildFile; productRef = 9E016FAE252CCA4E00C2B85C /* FirebaseFirestoreSwift */; };
		9E016FB1252CCA4E00C2B85C /* FirebaseStorageSwift in Frameworks */ = {isa = PBXBuildFile; productRef = 9E016FB0252CCA4E00C2B85C /* FirebaseStorageSwift */; };
		9E016FB3252CCA4E00C2B85C /* FirebaseAuth in Frameworks */ = {isa = PBXBuildFile; productRef = 9E016FB2252CCA4E00C2B85C /* FirebaseAuth */; };
		9E016FB5252CCA4E00C2B85C /* FirebaseCore in Frameworks */ = {isa = PBXBuildFile; productRef = 9E016FB4252CCA4E00C2B85C /* FirebaseCore */; };
		9E016FB7252CCA4E00C2B85C /* Firebase in Frameworks */ = {isa = PBXBuildFile; productRef = 9E016FB6252CCA4E00C2B85C /* Firebase */; };
		9E016FBC252CD0C600C2B85C /* GoogleService-Info.plist in Resources */ = {isa = PBXBuildFile; fileRef = 9E016FBB252CD0C600C2B85C /* GoogleService-Info.plist */; };
		9E5CEFCC25277B25001C95AA /* AppDelegate.swift in Sources */ = {isa = PBXBuildFile; fileRef = 9E5CEFCB25277B25001C95AA /* AppDelegate.swift */; };
		9E5CEFCE25277B25001C95AA /* SceneDelegate.swift in Sources */ = {isa = PBXBuildFile; fileRef = 9E5CEFCD25277B25001C95AA /* SceneDelegate.swift */; };
		9E5CEFD025277B25001C95AA /* RockSearchViewController.swift in Sources */ = {isa = PBXBuildFile; fileRef = 9E5CEFCF25277B25001C95AA /* RockSearchViewController.swift */; };
		9E5CEFD325277B25001C95AA /* RockSearchViewController.storyboard in Resources */ = {isa = PBXBuildFile; fileRef = 9E5CEFD125277B25001C95AA /* RockSearchViewController.storyboard */; };
		9E5CEFD525277B26001C95AA /* Assets.xcassets in Resources */ = {isa = PBXBuildFile; fileRef = 9E5CEFD425277B26001C95AA /* Assets.xcassets */; };
		9E5CEFD825277B26001C95AA /* LaunchScreen.storyboard in Resources */ = {isa = PBXBuildFile; fileRef = 9E5CEFD625277B26001C95AA /* LaunchScreen.storyboard */; };
		9E5CEFE325277B26001C95AA /* RockMapTests.swift in Sources */ = {isa = PBXBuildFile; fileRef = 9E5CEFE225277B26001C95AA /* RockMapTests.swift */; };
		9E5CEFEE25277B26001C95AA /* RockMapUITests.swift in Sources */ = {isa = PBXBuildFile; fileRef = 9E5CEFED25277B26001C95AA /* RockMapUITests.swift */; };
		9EB6BA67252E00E400553026 /* MainTabBarController.swift in Sources */ = {isa = PBXBuildFile; fileRef = 9EB6BA66252E00E400553026 /* MainTabBarController.swift */; };
/* End PBXBuildFile section */

/* Begin PBXContainerItemProxy section */
		9E5CEFDF25277B26001C95AA /* PBXContainerItemProxy */ = {
			isa = PBXContainerItemProxy;
			containerPortal = 9E5CEFC025277B25001C95AA /* Project object */;
			proxyType = 1;
			remoteGlobalIDString = 9E5CEFC725277B25001C95AA;
			remoteInfo = RockMap;
		};
		9E5CEFEA25277B26001C95AA /* PBXContainerItemProxy */ = {
			isa = PBXContainerItemProxy;
			containerPortal = 9E5CEFC025277B25001C95AA /* Project object */;
			proxyType = 1;
			remoteGlobalIDString = 9E5CEFC725277B25001C95AA;
			remoteInfo = RockMap;
		};
/* End PBXContainerItemProxy section */

/* Begin PBXFileReference section */
		9E016FBB252CD0C600C2B85C /* GoogleService-Info.plist */ = {isa = PBXFileReference; fileEncoding = 4; lastKnownFileType = text.plist.xml; path = "GoogleService-Info.plist"; sourceTree = "<group>"; };
		9E5CEFC825277B25001C95AA /* RockMap.app */ = {isa = PBXFileReference; explicitFileType = wrapper.application; includeInIndex = 0; path = RockMap.app; sourceTree = BUILT_PRODUCTS_DIR; };
		9E5CEFCB25277B25001C95AA /* AppDelegate.swift */ = {isa = PBXFileReference; lastKnownFileType = sourcecode.swift; path = AppDelegate.swift; sourceTree = "<group>"; };
		9E5CEFCD25277B25001C95AA /* SceneDelegate.swift */ = {isa = PBXFileReference; lastKnownFileType = sourcecode.swift; path = SceneDelegate.swift; sourceTree = "<group>"; };
		9E5CEFCF25277B25001C95AA /* RockSearchViewController.swift */ = {isa = PBXFileReference; lastKnownFileType = sourcecode.swift; path = RockSearchViewController.swift; sourceTree = "<group>"; };
		9E5CEFD225277B25001C95AA /* Base */ = {isa = PBXFileReference; lastKnownFileType = file.storyboard; name = Base; path = Base.lproj/RockSearchViewController.storyboard; sourceTree = "<group>"; };
		9E5CEFD425277B26001C95AA /* Assets.xcassets */ = {isa = PBXFileReference; lastKnownFileType = folder.assetcatalog; path = Assets.xcassets; sourceTree = "<group>"; };
		9E5CEFD725277B26001C95AA /* Base */ = {isa = PBXFileReference; lastKnownFileType = file.storyboard; name = Base; path = Base.lproj/LaunchScreen.storyboard; sourceTree = "<group>"; };
		9E5CEFD925277B26001C95AA /* Info.plist */ = {isa = PBXFileReference; lastKnownFileType = text.plist.xml; path = Info.plist; sourceTree = "<group>"; };
		9E5CEFDE25277B26001C95AA /* RockMapTests.xctest */ = {isa = PBXFileReference; explicitFileType = wrapper.cfbundle; includeInIndex = 0; path = RockMapTests.xctest; sourceTree = BUILT_PRODUCTS_DIR; };
		9E5CEFE225277B26001C95AA /* RockMapTests.swift */ = {isa = PBXFileReference; lastKnownFileType = sourcecode.swift; path = RockMapTests.swift; sourceTree = "<group>"; };
		9E5CEFE425277B26001C95AA /* Info.plist */ = {isa = PBXFileReference; lastKnownFileType = text.plist.xml; path = Info.plist; sourceTree = "<group>"; };
		9E5CEFE925277B26001C95AA /* RockMapUITests.xctest */ = {isa = PBXFileReference; explicitFileType = wrapper.cfbundle; includeInIndex = 0; path = RockMapUITests.xctest; sourceTree = BUILT_PRODUCTS_DIR; };
		9E5CEFED25277B26001C95AA /* RockMapUITests.swift */ = {isa = PBXFileReference; lastKnownFileType = sourcecode.swift; path = RockMapUITests.swift; sourceTree = "<group>"; };
		9E5CEFEF25277B26001C95AA /* Info.plist */ = {isa = PBXFileReference; lastKnownFileType = text.plist.xml; path = Info.plist; sourceTree = "<group>"; };
		9EB6BA66252E00E400553026 /* MainTabBarController.swift */ = {isa = PBXFileReference; lastKnownFileType = sourcecode.swift; path = MainTabBarController.swift; sourceTree = "<group>"; };
/* End PBXFileReference section */

/* Begin PBXFrameworksBuildPhase section */
		9E5CEFC525277B25001C95AA /* Frameworks */ = {
			isa = PBXFrameworksBuildPhase;
			buildActionMask = 2147483647;
			files = (
				9E016FB7252CCA4E00C2B85C /* Firebase in Frameworks */,
				9E016FAF252CCA4E00C2B85C /* FirebaseFirestoreSwift in Frameworks */,
				9E016FB3252CCA4E00C2B85C /* FirebaseAuth in Frameworks */,
				9E016FB5252CCA4E00C2B85C /* FirebaseCore in Frameworks */,
				9E016FB1252CCA4E00C2B85C /* FirebaseStorageSwift in Frameworks */,
			);
			runOnlyForDeploymentPostprocessing = 0;
		};
		9E5CEFDB25277B26001C95AA /* Frameworks */ = {
			isa = PBXFrameworksBuildPhase;
			buildActionMask = 2147483647;
			files = (
			);
			runOnlyForDeploymentPostprocessing = 0;
		};
		9E5CEFE625277B26001C95AA /* Frameworks */ = {
			isa = PBXFrameworksBuildPhase;
			buildActionMask = 2147483647;
			files = (
			);
			runOnlyForDeploymentPostprocessing = 0;
		};
/* End PBXFrameworksBuildPhase section */

/* Begin PBXGroup section */
		9E5CEFBF25277B25001C95AA = {
			isa = PBXGroup;
			children = (
				9E5CEFCA25277B25001C95AA /* RockMap */,
				9E5CEFE125277B26001C95AA /* RockMapTests */,
				9E5CEFEC25277B26001C95AA /* RockMapUITests */,
				9E5CEFC925277B25001C95AA /* Products */,
			);
			sourceTree = "<group>";
		};
		9E5CEFC925277B25001C95AA /* Products */ = {
			isa = PBXGroup;
			children = (
				9E5CEFC825277B25001C95AA /* RockMap.app */,
				9E5CEFDE25277B26001C95AA /* RockMapTests.xctest */,
				9E5CEFE925277B26001C95AA /* RockMapUITests.xctest */,
			);
			name = Products;
			sourceTree = "<group>";
		};
		9E5CEFCA25277B25001C95AA /* RockMap */ = {
			isa = PBXGroup;
			children = (
				9EB6BA65252E00B600553026 /* New Group */,
				9E5CEFCB25277B25001C95AA /* AppDelegate.swift */,
				9E5CEFCD25277B25001C95AA /* SceneDelegate.swift */,
				9E5CEFCF25277B25001C95AA /* RockSearchViewController.swift */,
				9E5CEFD125277B25001C95AA /* RockSearchViewController.storyboard */,
				9E5CEFD425277B26001C95AA /* Assets.xcassets */,
				9E5CEFD625277B26001C95AA /* LaunchScreen.storyboard */,
				9E5CEFD925277B26001C95AA /* Info.plist */,
				9E016FBB252CD0C600C2B85C /* GoogleService-Info.plist */,
				9EB6BA66252E00E400553026 /* MainTabBarController.swift */,
			);
			path = RockMap;
			sourceTree = "<group>";
		};
		9E5CEFE125277B26001C95AA /* RockMapTests */ = {
			isa = PBXGroup;
			children = (
				9E5CEFE225277B26001C95AA /* RockMapTests.swift */,
				9E5CEFE425277B26001C95AA /* Info.plist */,
			);
			path = RockMapTests;
			sourceTree = "<group>";
		};
		9E5CEFEC25277B26001C95AA /* RockMapUITests */ = {
			isa = PBXGroup;
			children = (
				9E5CEFED25277B26001C95AA /* RockMapUITests.swift */,
				9E5CEFEF25277B26001C95AA /* Info.plist */,
			);
			path = RockMapUITests;
			sourceTree = "<group>";
		};
		9EB6BA65252E00B600553026 /* New Group */ = {
			isa = PBXGroup;
			children = (
			);
			path = "New Group";
			sourceTree = "<group>";
		};
/* End PBXGroup section */

/* Begin PBXNativeTarget section */
		9E5CEFC725277B25001C95AA /* RockMap */ = {
			isa = PBXNativeTarget;
			buildConfigurationList = 9E5CEFF225277B26001C95AA /* Build configuration list for PBXNativeTarget "RockMap" */;
			buildPhases = (
				9E5CEFC425277B25001C95AA /* Sources */,
				9E5CEFC525277B25001C95AA /* Frameworks */,
				9E5CEFC625277B25001C95AA /* Resources */,
				9E0C9F3A2534A8F600F66F01 /* SwiftLint */,
			);
			buildRules = (
			);
			dependencies = (
			);
			name = RockMap;
			packageProductDependencies = (
				9E016FAE252CCA4E00C2B85C /* FirebaseFirestoreSwift */,
				9E016FB0252CCA4E00C2B85C /* FirebaseStorageSwift */,
				9E016FB2252CCA4E00C2B85C /* FirebaseAuth */,
				9E016FB4252CCA4E00C2B85C /* FirebaseCore */,
				9E016FB6252CCA4E00C2B85C /* Firebase */,
			);
			productName = RockMap;
			productReference = 9E5CEFC825277B25001C95AA /* RockMap.app */;
			productType = "com.apple.product-type.application";
		};
		9E5CEFDD25277B26001C95AA /* RockMapTests */ = {
			isa = PBXNativeTarget;
			buildConfigurationList = 9E5CEFF525277B26001C95AA /* Build configuration list for PBXNativeTarget "RockMapTests" */;
			buildPhases = (
				9E5CEFDA25277B26001C95AA /* Sources */,
				9E5CEFDB25277B26001C95AA /* Frameworks */,
				9E5CEFDC25277B26001C95AA /* Resources */,
			);
			buildRules = (
			);
			dependencies = (
				9E5CEFE025277B26001C95AA /* PBXTargetDependency */,
			);
			name = RockMapTests;
			productName = RockMapTests;
			productReference = 9E5CEFDE25277B26001C95AA /* RockMapTests.xctest */;
			productType = "com.apple.product-type.bundle.unit-test";
		};
		9E5CEFE825277B26001C95AA /* RockMapUITests */ = {
			isa = PBXNativeTarget;
			buildConfigurationList = 9E5CEFF825277B26001C95AA /* Build configuration list for PBXNativeTarget "RockMapUITests" */;
			buildPhases = (
				9E5CEFE525277B26001C95AA /* Sources */,
				9E5CEFE625277B26001C95AA /* Frameworks */,
				9E5CEFE725277B26001C95AA /* Resources */,
			);
			buildRules = (
			);
			dependencies = (
				9E5CEFEB25277B26001C95AA /* PBXTargetDependency */,
			);
			name = RockMapUITests;
			productName = RockMapUITests;
			productReference = 9E5CEFE925277B26001C95AA /* RockMapUITests.xctest */;
			productType = "com.apple.product-type.bundle.ui-testing";
		};
/* End PBXNativeTarget section */

/* Begin PBXProject section */
		9E5CEFC025277B25001C95AA /* Project object */ = {
			isa = PBXProject;
			attributes = {
				LastSwiftUpdateCheck = 1200;
				LastUpgradeCheck = 1200;
				TargetAttributes = {
					9E5CEFC725277B25001C95AA = {
						CreatedOnToolsVersion = 12.0;
					};
					9E5CEFDD25277B26001C95AA = {
						CreatedOnToolsVersion = 12.0;
						TestTargetID = 9E5CEFC725277B25001C95AA;
					};
					9E5CEFE825277B26001C95AA = {
						CreatedOnToolsVersion = 12.0;
						TestTargetID = 9E5CEFC725277B25001C95AA;
					};
				};
			};
			buildConfigurationList = 9E5CEFC325277B25001C95AA /* Build configuration list for PBXProject "RockMap" */;
			compatibilityVersion = "Xcode 9.3";
			developmentRegion = en;
			hasScannedForEncodings = 0;
			knownRegions = (
				en,
				Base,
			);
			mainGroup = 9E5CEFBF25277B25001C95AA;
			packageReferences = (
				9E016FAD252CCA4E00C2B85C /* XCRemoteSwiftPackageReference "firebase-ios-sdk" */,
			);
			productRefGroup = 9E5CEFC925277B25001C95AA /* Products */;
			projectDirPath = "";
			projectRoot = "";
			targets = (
				9E5CEFC725277B25001C95AA /* RockMap */,
				9E5CEFDD25277B26001C95AA /* RockMapTests */,
				9E5CEFE825277B26001C95AA /* RockMapUITests */,
			);
		};
/* End PBXProject section */

/* Begin PBXResourcesBuildPhase section */
		9E5CEFC625277B25001C95AA /* Resources */ = {
			isa = PBXResourcesBuildPhase;
			buildActionMask = 2147483647;
			files = (
				9E5CEFD825277B26001C95AA /* LaunchScreen.storyboard in Resources */,
				9E016FBC252CD0C600C2B85C /* GoogleService-Info.plist in Resources */,
				9E5CEFD525277B26001C95AA /* Assets.xcassets in Resources */,
				9E5CEFD325277B25001C95AA /* RockSearchViewController.storyboard in Resources */,
			);
			runOnlyForDeploymentPostprocessing = 0;
		};
		9E5CEFDC25277B26001C95AA /* Resources */ = {
			isa = PBXResourcesBuildPhase;
			buildActionMask = 2147483647;
			files = (
			);
			runOnlyForDeploymentPostprocessing = 0;
		};
		9E5CEFE725277B26001C95AA /* Resources */ = {
			isa = PBXResourcesBuildPhase;
			buildActionMask = 2147483647;
			files = (
			);
			runOnlyForDeploymentPostprocessing = 0;
		};
/* End PBXResourcesBuildPhase section */

/* Begin PBXShellScriptBuildPhase section */
		9E0C9F3A2534A8F600F66F01 /* SwiftLint */ = {
			isa = PBXShellScriptBuildPhase;
			buildActionMask = 2147483647;
			files = (
			);
			inputFileListPaths = (
			);
			inputPaths = (
			);
			name = SwiftLint;
			outputFileListPaths = (
			);
			outputPaths = (
			);
			runOnlyForDeploymentPostprocessing = 0;
			shellPath = /bin/sh;
			shellScript = "if which swiftlint >/dev/null; then\n  swiftlint\nelse\n  echo \"warning: SwiftLint not installed, download from https://github.com/realm/SwiftLint\"\nfi\n";
		};
/* End PBXShellScriptBuildPhase section */

/* Begin PBXSourcesBuildPhase section */
		9E5CEFC425277B25001C95AA /* Sources */ = {
			isa = PBXSourcesBuildPhase;
			buildActionMask = 2147483647;
			files = (
				9E5CEFD025277B25001C95AA /* RockSearchViewController.swift in Sources */,
				9E5CEFCC25277B25001C95AA /* AppDelegate.swift in Sources */,
				9EB6BA67252E00E400553026 /* MainTabBarController.swift in Sources */,
				9E5CEFCE25277B25001C95AA /* SceneDelegate.swift in Sources */,
			);
			runOnlyForDeploymentPostprocessing = 0;
		};
		9E5CEFDA25277B26001C95AA /* Sources */ = {
			isa = PBXSourcesBuildPhase;
			buildActionMask = 2147483647;
			files = (
				9E5CEFE325277B26001C95AA /* RockMapTests.swift in Sources */,
			);
			runOnlyForDeploymentPostprocessing = 0;
		};
		9E5CEFE525277B26001C95AA /* Sources */ = {
			isa = PBXSourcesBuildPhase;
			buildActionMask = 2147483647;
			files = (
				9E5CEFEE25277B26001C95AA /* RockMapUITests.swift in Sources */,
			);
			runOnlyForDeploymentPostprocessing = 0;
		};
/* End PBXSourcesBuildPhase section */

/* Begin PBXTargetDependency section */
		9E5CEFE025277B26001C95AA /* PBXTargetDependency */ = {
			isa = PBXTargetDependency;
			target = 9E5CEFC725277B25001C95AA /* RockMap */;
			targetProxy = 9E5CEFDF25277B26001C95AA /* PBXContainerItemProxy */;
		};
		9E5CEFEB25277B26001C95AA /* PBXTargetDependency */ = {
			isa = PBXTargetDependency;
			target = 9E5CEFC725277B25001C95AA /* RockMap */;
			targetProxy = 9E5CEFEA25277B26001C95AA /* PBXContainerItemProxy */;
		};
/* End PBXTargetDependency section */

/* Begin PBXVariantGroup section */
		9E5CEFD125277B25001C95AA /* RockSearchViewController.storyboard */ = {
			isa = PBXVariantGroup;
			children = (
				9E5CEFD225277B25001C95AA /* Base */,
			);
			name = RockSearchViewController.storyboard;
			sourceTree = "<group>";
		};
		9E5CEFD625277B26001C95AA /* LaunchScreen.storyboard */ = {
			isa = PBXVariantGroup;
			children = (
				9E5CEFD725277B26001C95AA /* Base */,
			);
			name = LaunchScreen.storyboard;
			sourceTree = "<group>";
		};
/* End PBXVariantGroup section */

/* Begin XCBuildConfiguration section */
		9E5CEFF025277B26001C95AA /* Debug */ = {
			isa = XCBuildConfiguration;
			buildSettings = {
				ALWAYS_SEARCH_USER_PATHS = NO;
				CLANG_ANALYZER_NONNULL = YES;
				CLANG_ANALYZER_NUMBER_OBJECT_CONVERSION = YES_AGGRESSIVE;
				CLANG_CXX_LANGUAGE_STANDARD = "gnu++14";
				CLANG_CXX_LIBRARY = "libc++";
				CLANG_ENABLE_MODULES = YES;
				CLANG_ENABLE_OBJC_ARC = YES;
				CLANG_ENABLE_OBJC_WEAK = YES;
				CLANG_WARN_BLOCK_CAPTURE_AUTORELEASING = YES;
				CLANG_WARN_BOOL_CONVERSION = YES;
				CLANG_WARN_COMMA = YES;
				CLANG_WARN_CONSTANT_CONVERSION = YES;
				CLANG_WARN_DEPRECATED_OBJC_IMPLEMENTATIONS = YES;
				CLANG_WARN_DIRECT_OBJC_ISA_USAGE = YES_ERROR;
				CLANG_WARN_DOCUMENTATION_COMMENTS = YES;
				CLANG_WARN_EMPTY_BODY = YES;
				CLANG_WARN_ENUM_CONVERSION = YES;
				CLANG_WARN_INFINITE_RECURSION = YES;
				CLANG_WARN_INT_CONVERSION = YES;
				CLANG_WARN_NON_LITERAL_NULL_CONVERSION = YES;
				CLANG_WARN_OBJC_IMPLICIT_RETAIN_SELF = YES;
				CLANG_WARN_OBJC_LITERAL_CONVERSION = YES;
				CLANG_WARN_OBJC_ROOT_CLASS = YES_ERROR;
				CLANG_WARN_QUOTED_INCLUDE_IN_FRAMEWORK_HEADER = YES;
				CLANG_WARN_RANGE_LOOP_ANALYSIS = YES;
				CLANG_WARN_STRICT_PROTOTYPES = YES;
				CLANG_WARN_SUSPICIOUS_MOVE = YES;
				CLANG_WARN_UNGUARDED_AVAILABILITY = YES_AGGRESSIVE;
				CLANG_WARN_UNREACHABLE_CODE = YES;
				CLANG_WARN__DUPLICATE_METHOD_MATCH = YES;
				COPY_PHASE_STRIP = NO;
				DEBUG_INFORMATION_FORMAT = dwarf;
				ENABLE_STRICT_OBJC_MSGSEND = YES;
				ENABLE_TESTABILITY = YES;
				GCC_C_LANGUAGE_STANDARD = gnu11;
				GCC_DYNAMIC_NO_PIC = NO;
				GCC_NO_COMMON_BLOCKS = YES;
				GCC_OPTIMIZATION_LEVEL = 0;
				GCC_PREPROCESSOR_DEFINITIONS = (
					"DEBUG=1",
					"$(inherited)",
				);
				GCC_WARN_64_TO_32_BIT_CONVERSION = YES;
				GCC_WARN_ABOUT_RETURN_TYPE = YES_ERROR;
				GCC_WARN_UNDECLARED_SELECTOR = YES;
				GCC_WARN_UNINITIALIZED_AUTOS = YES_AGGRESSIVE;
				GCC_WARN_UNUSED_FUNCTION = YES;
				GCC_WARN_UNUSED_VARIABLE = YES;
				IPHONEOS_DEPLOYMENT_TARGET = 14.0;
				MTL_ENABLE_DEBUG_INFO = INCLUDE_SOURCE;
				MTL_FAST_MATH = YES;
				ONLY_ACTIVE_ARCH = YES;
				SDKROOT = iphoneos;
				SWIFT_ACTIVE_COMPILATION_CONDITIONS = DEBUG;
				SWIFT_OPTIMIZATION_LEVEL = "-Onone";
			};
			name = Debug;
		};
		9E5CEFF125277B26001C95AA /* Release */ = {
			isa = XCBuildConfiguration;
			buildSettings = {
				ALWAYS_SEARCH_USER_PATHS = NO;
				CLANG_ANALYZER_NONNULL = YES;
				CLANG_ANALYZER_NUMBER_OBJECT_CONVERSION = YES_AGGRESSIVE;
				CLANG_CXX_LANGUAGE_STANDARD = "gnu++14";
				CLANG_CXX_LIBRARY = "libc++";
				CLANG_ENABLE_MODULES = YES;
				CLANG_ENABLE_OBJC_ARC = YES;
				CLANG_ENABLE_OBJC_WEAK = YES;
				CLANG_WARN_BLOCK_CAPTURE_AUTORELEASING = YES;
				CLANG_WARN_BOOL_CONVERSION = YES;
				CLANG_WARN_COMMA = YES;
				CLANG_WARN_CONSTANT_CONVERSION = YES;
				CLANG_WARN_DEPRECATED_OBJC_IMPLEMENTATIONS = YES;
				CLANG_WARN_DIRECT_OBJC_ISA_USAGE = YES_ERROR;
				CLANG_WARN_DOCUMENTATION_COMMENTS = YES;
				CLANG_WARN_EMPTY_BODY = YES;
				CLANG_WARN_ENUM_CONVERSION = YES;
				CLANG_WARN_INFINITE_RECURSION = YES;
				CLANG_WARN_INT_CONVERSION = YES;
				CLANG_WARN_NON_LITERAL_NULL_CONVERSION = YES;
				CLANG_WARN_OBJC_IMPLICIT_RETAIN_SELF = YES;
				CLANG_WARN_OBJC_LITERAL_CONVERSION = YES;
				CLANG_WARN_OBJC_ROOT_CLASS = YES_ERROR;
				CLANG_WARN_QUOTED_INCLUDE_IN_FRAMEWORK_HEADER = YES;
				CLANG_WARN_RANGE_LOOP_ANALYSIS = YES;
				CLANG_WARN_STRICT_PROTOTYPES = YES;
				CLANG_WARN_SUSPICIOUS_MOVE = YES;
				CLANG_WARN_UNGUARDED_AVAILABILITY = YES_AGGRESSIVE;
				CLANG_WARN_UNREACHABLE_CODE = YES;
				CLANG_WARN__DUPLICATE_METHOD_MATCH = YES;
				COPY_PHASE_STRIP = NO;
				DEBUG_INFORMATION_FORMAT = "dwarf-with-dsym";
				ENABLE_NS_ASSERTIONS = NO;
				ENABLE_STRICT_OBJC_MSGSEND = YES;
				GCC_C_LANGUAGE_STANDARD = gnu11;
				GCC_NO_COMMON_BLOCKS = YES;
				GCC_WARN_64_TO_32_BIT_CONVERSION = YES;
				GCC_WARN_ABOUT_RETURN_TYPE = YES_ERROR;
				GCC_WARN_UNDECLARED_SELECTOR = YES;
				GCC_WARN_UNINITIALIZED_AUTOS = YES_AGGRESSIVE;
				GCC_WARN_UNUSED_FUNCTION = YES;
				GCC_WARN_UNUSED_VARIABLE = YES;
				IPHONEOS_DEPLOYMENT_TARGET = 14.0;
				MTL_ENABLE_DEBUG_INFO = NO;
				MTL_FAST_MATH = YES;
				SDKROOT = iphoneos;
				SWIFT_COMPILATION_MODE = wholemodule;
				SWIFT_OPTIMIZATION_LEVEL = "-O";
				VALIDATE_PRODUCT = YES;
			};
			name = Release;
		};
		9E5CEFF325277B26001C95AA /* Debug */ = {
			isa = XCBuildConfiguration;
			buildSettings = {
				ASSETCATALOG_COMPILER_APPICON_NAME = AppIcon;
				ASSETCATALOG_COMPILER_GLOBAL_ACCENT_COLOR_NAME = AccentColor;
				CODE_SIGN_STYLE = Automatic;
				INFOPLIST_FILE = RockMap/Info.plist;
				LD_RUNPATH_SEARCH_PATHS = (
					"$(inherited)",
					"@executable_path/Frameworks",
				);
				PRODUCT_BUNDLE_IDENTIFIER = "tk108gabalian-gmail.com.RockMap";
				PRODUCT_NAME = "$(TARGET_NAME)";
				SWIFT_VERSION = 5.0;
				TARGETED_DEVICE_FAMILY = "1,2";
			};
			name = Debug;
		};
		9E5CEFF425277B26001C95AA /* Release */ = {
			isa = XCBuildConfiguration;
			buildSettings = {
				ASSETCATALOG_COMPILER_APPICON_NAME = AppIcon;
				ASSETCATALOG_COMPILER_GLOBAL_ACCENT_COLOR_NAME = AccentColor;
				CODE_SIGN_STYLE = Automatic;
				INFOPLIST_FILE = RockMap/Info.plist;
				LD_RUNPATH_SEARCH_PATHS = (
					"$(inherited)",
					"@executable_path/Frameworks",
				);
				PRODUCT_BUNDLE_IDENTIFIER = "tk108gabalian-gmail.com.RockMap";
				PRODUCT_NAME = "$(TARGET_NAME)";
				SWIFT_VERSION = 5.0;
				TARGETED_DEVICE_FAMILY = "1,2";
			};
			name = Release;
		};
		9E5CEFF625277B26001C95AA /* Debug */ = {
			isa = XCBuildConfiguration;
			buildSettings = {
				ALWAYS_EMBED_SWIFT_STANDARD_LIBRARIES = YES;
				BUNDLE_LOADER = "$(TEST_HOST)";
				CODE_SIGN_STYLE = Automatic;
				INFOPLIST_FILE = RockMapTests/Info.plist;
				IPHONEOS_DEPLOYMENT_TARGET = 14.0;
				LD_RUNPATH_SEARCH_PATHS = (
					"$(inherited)",
					"@executable_path/Frameworks",
					"@loader_path/Frameworks",
				);
				PRODUCT_BUNDLE_IDENTIFIER = "tk108gabalian-gmail.com.RockMapTests";
				PRODUCT_NAME = "$(TARGET_NAME)";
				SWIFT_VERSION = 5.0;
				TARGETED_DEVICE_FAMILY = "1,2";
				TEST_HOST = "$(BUILT_PRODUCTS_DIR)/RockMap.app/RockMap";
			};
			name = Debug;
		};
		9E5CEFF725277B26001C95AA /* Release */ = {
			isa = XCBuildConfiguration;
			buildSettings = {
				ALWAYS_EMBED_SWIFT_STANDARD_LIBRARIES = YES;
				BUNDLE_LOADER = "$(TEST_HOST)";
				CODE_SIGN_STYLE = Automatic;
				INFOPLIST_FILE = RockMapTests/Info.plist;
				IPHONEOS_DEPLOYMENT_TARGET = 14.0;
				LD_RUNPATH_SEARCH_PATHS = (
					"$(inherited)",
					"@executable_path/Frameworks",
					"@loader_path/Frameworks",
				);
				PRODUCT_BUNDLE_IDENTIFIER = "tk108gabalian-gmail.com.RockMapTests";
				PRODUCT_NAME = "$(TARGET_NAME)";
				SWIFT_VERSION = 5.0;
				TARGETED_DEVICE_FAMILY = "1,2";
				TEST_HOST = "$(BUILT_PRODUCTS_DIR)/RockMap.app/RockMap";
			};
			name = Release;
		};
		9E5CEFF925277B26001C95AA /* Debug */ = {
			isa = XCBuildConfiguration;
			buildSettings = {
				ALWAYS_EMBED_SWIFT_STANDARD_LIBRARIES = YES;
				CODE_SIGN_STYLE = Automatic;
				INFOPLIST_FILE = RockMapUITests/Info.plist;
				LD_RUNPATH_SEARCH_PATHS = (
					"$(inherited)",
					"@executable_path/Frameworks",
					"@loader_path/Frameworks",
				);
				PRODUCT_BUNDLE_IDENTIFIER = "tk108gabalian-gmail.com.RockMapUITests";
				PRODUCT_NAME = "$(TARGET_NAME)";
				SWIFT_VERSION = 5.0;
				TARGETED_DEVICE_FAMILY = "1,2";
				TEST_TARGET_NAME = RockMap;
			};
			name = Debug;
		};
		9E5CEFFA25277B26001C95AA /* Release */ = {
			isa = XCBuildConfiguration;
			buildSettings = {
				ALWAYS_EMBED_SWIFT_STANDARD_LIBRARIES = YES;
				CODE_SIGN_STYLE = Automatic;
				INFOPLIST_FILE = RockMapUITests/Info.plist;
				LD_RUNPATH_SEARCH_PATHS = (
					"$(inherited)",
					"@executable_path/Frameworks",
					"@loader_path/Frameworks",
				);
				PRODUCT_BUNDLE_IDENTIFIER = "tk108gabalian-gmail.com.RockMapUITests";
				PRODUCT_NAME = "$(TARGET_NAME)";
				SWIFT_VERSION = 5.0;
				TARGETED_DEVICE_FAMILY = "1,2";
				TEST_TARGET_NAME = RockMap;
			};
			name = Release;
		};
/* End XCBuildConfiguration section */

/* Begin XCConfigurationList section */
		9E5CEFC325277B25001C95AA /* Build configuration list for PBXProject "RockMap" */ = {
			isa = XCConfigurationList;
			buildConfigurations = (
				9E5CEFF025277B26001C95AA /* Debug */,
				9E5CEFF125277B26001C95AA /* Release */,
			);
			defaultConfigurationIsVisible = 0;
			defaultConfigurationName = Release;
		};
		9E5CEFF225277B26001C95AA /* Build configuration list for PBXNativeTarget "RockMap" */ = {
			isa = XCConfigurationList;
			buildConfigurations = (
				9E5CEFF325277B26001C95AA /* Debug */,
				9E5CEFF425277B26001C95AA /* Release */,
			);
			defaultConfigurationIsVisible = 0;
			defaultConfigurationName = Release;
		};
		9E5CEFF525277B26001C95AA /* Build configuration list for PBXNativeTarget "RockMapTests" */ = {
			isa = XCConfigurationList;
			buildConfigurations = (
				9E5CEFF625277B26001C95AA /* Debug */,
				9E5CEFF725277B26001C95AA /* Release */,
			);
			defaultConfigurationIsVisible = 0;
			defaultConfigurationName = Release;
		};
		9E5CEFF825277B26001C95AA /* Build configuration list for PBXNativeTarget "RockMapUITests" */ = {
			isa = XCConfigurationList;
			buildConfigurations = (
				9E5CEFF925277B26001C95AA /* Debug */,
				9E5CEFFA25277B26001C95AA /* Release */,
			);
			defaultConfigurationIsVisible = 0;
			defaultConfigurationName = Release;
		};
/* End XCConfigurationList section */

/* Begin XCRemoteSwiftPackageReference section */
		9E016FAD252CCA4E00C2B85C /* XCRemoteSwiftPackageReference "firebase-ios-sdk" */ = {
			isa = XCRemoteSwiftPackageReference;
			repositoryURL = "https://github.com/firebase/firebase-ios-sdk.git";
			requirement = {
				branch = "6.31-spm-beta";
				kind = branch;
			};
		};
/* End XCRemoteSwiftPackageReference section */

/* Begin XCSwiftPackageProductDependency section */
		9E016FAE252CCA4E00C2B85C /* FirebaseFirestoreSwift */ = {
			isa = XCSwiftPackageProductDependency;
			package = 9E016FAD252CCA4E00C2B85C /* XCRemoteSwiftPackageReference "firebase-ios-sdk" */;
			productName = FirebaseFirestoreSwift;
		};
		9E016FB0252CCA4E00C2B85C /* FirebaseStorageSwift */ = {
			isa = XCSwiftPackageProductDependency;
			package = 9E016FAD252CCA4E00C2B85C /* XCRemoteSwiftPackageReference "firebase-ios-sdk" */;
			productName = FirebaseStorageSwift;
		};
		9E016FB2252CCA4E00C2B85C /* FirebaseAuth */ = {
			isa = XCSwiftPackageProductDependency;
			package = 9E016FAD252CCA4E00C2B85C /* XCRemoteSwiftPackageReference "firebase-ios-sdk" */;
			productName = FirebaseAuth;
		};
		9E016FB4252CCA4E00C2B85C /* FirebaseCore */ = {
			isa = XCSwiftPackageProductDependency;
			package = 9E016FAD252CCA4E00C2B85C /* XCRemoteSwiftPackageReference "firebase-ios-sdk" */;
			productName = FirebaseCore;
		};
		9E016FB6252CCA4E00C2B85C /* Firebase */ = {
			isa = XCSwiftPackageProductDependency;
			package = 9E016FAD252CCA4E00C2B85C /* XCRemoteSwiftPackageReference "firebase-ios-sdk" */;
			productName = Firebase;
		};
/* End XCSwiftPackageProductDependency section */
	};
	rootObject = 9E5CEFC025277B25001C95AA /* Project object */;
}
