// !$*UTF8*$!
{
	archiveVersion = 1;
	classes = {
	};
	objectVersion = 51;
	objects = {

/* Begin PBXBuildFile section */
		90862925AE716E43169D5A87 /* Pods_RockMap.framework in Frameworks */ = {isa = PBXBuildFile; fileRef = 45DACC89F758D48EDA36FCE2 /* Pods_RockMap.framework */; };
		9E016FBC252CD0C600C2B85C /* GoogleService-Info.plist in Resources */ = {isa = PBXBuildFile; fileRef = 9E016FBB252CD0C600C2B85C /* GoogleService-Info.plist */; };
		9E04B188254B1C380097DA8E /* SignUpViewModel.swift in Sources */ = {isa = PBXBuildFile; fileRef = 9E04B187254B1C380097DA8E /* SignUpViewModel.swift */; };
		9E04B18D254B1EB30097DA8E /* UITextFieldExtension.swift in Sources */ = {isa = PBXBuildFile; fileRef = 9E04B18C254B1EB30097DA8E /* UITextFieldExtension.swift */; };
		9E04B195254B28670097DA8E /* UserDocument.swift in Sources */ = {isa = PBXBuildFile; fileRef = 9E04B194254B28670097DA8E /* UserDocument.swift */; };
		9E04B1AD254BA99C0097DA8E /* TextFieldValidator.swift in Sources */ = {isa = PBXBuildFile; fileRef = 9E04B1AC254BA99C0097DA8E /* TextFieldValidator.swift */; };
		9E04B1B5254BC3FC0097DA8E /* StringExtesnion.swift in Sources */ = {isa = PBXBuildFile; fileRef = 9E04B1B4254BC3FC0097DA8E /* StringExtesnion.swift */; };
		9E04B1C4254BDF3D0097DA8E /* LoginViewModel.swift in Sources */ = {isa = PBXBuildFile; fileRef = 9E04B1C3254BDF3D0097DA8E /* LoginViewModel.swift */; };
		9E04B1C9254BDFEE0097DA8E /* NetWorkState.swift in Sources */ = {isa = PBXBuildFile; fileRef = 9E04B1C8254BDFEE0097DA8E /* NetWorkState.swift */; };
		9E04B1D0254BE7B30097DA8E /* LocationManager.swift in Sources */ = {isa = PBXBuildFile; fileRef = 9E04B1CF254BE7B30097DA8E /* LocationManager.swift */; };
		9E0A9F192550519F007B9A90 /* RockRegisterViewModel.swift in Sources */ = {isa = PBXBuildFile; fileRef = 9E0A9F182550519F007B9A90 /* RockRegisterViewModel.swift */; };
		9E0A9F1E2551006E007B9A90 /* UITextViewExtension.swift in Sources */ = {isa = PBXBuildFile; fileRef = 9E0A9F1D2551006E007B9A90 /* UITextViewExtension.swift */; };
		9E0A9F29255104A0007B9A90 /* KeyboardExtension.swift in Sources */ = {isa = PBXBuildFile; fileRef = 9E0A9F28255104A0007B9A90 /* KeyboardExtension.swift */; };
		9E0FEDB225487B7B00009D09 /* SignUpViewController.swift in Sources */ = {isa = PBXBuildFile; fileRef = 9E0FEDB125487B7B00009D09 /* SignUpViewController.swift */; };
		9E0FEDB725487B8E00009D09 /* SignUpViewController.storyboard in Resources */ = {isa = PBXBuildFile; fileRef = 9E0FEDB625487B8E00009D09 /* SignUpViewController.storyboard */; };
		9E1C031C2554574F00F923A3 /* ValidatorTests.swift in Sources */ = {isa = PBXBuildFile; fileRef = 9E1C031B2554574F00F923A3 /* ValidatorTests.swift */; };
		9E1C5B682545CE57004F99C1 /* FireStoreClient.swift in Sources */ = {isa = PBXBuildFile; fileRef = 9E1C5B672545CE57004F99C1 /* FireStoreClient.swift */; };
		9E1C5B6D2545D10B004F99C1 /* RockDocument.swift in Sources */ = {isa = PBXBuildFile; fileRef = 9E1C5B6C2545D10B004F99C1 /* RockDocument.swift */; };
		9E2B112F25471F6100D7E56C /* LoginViewController.swift in Sources */ = {isa = PBXBuildFile; fileRef = 9E2B112E25471F6100D7E56C /* LoginViewController.swift */; };
		9E2B113425471F7400D7E56C /* LoginViewController.storyboard in Resources */ = {isa = PBXBuildFile; fileRef = 9E2B113325471F7400D7E56C /* LoginViewController.storyboard */; };
		9E5CEFCC25277B25001C95AA /* AppDelegate.swift in Sources */ = {isa = PBXBuildFile; fileRef = 9E5CEFCB25277B25001C95AA /* AppDelegate.swift */; };
		9E5CEFCE25277B25001C95AA /* SceneDelegate.swift in Sources */ = {isa = PBXBuildFile; fileRef = 9E5CEFCD25277B25001C95AA /* SceneDelegate.swift */; };
		9E5CEFD025277B25001C95AA /* RockSearchViewController.swift in Sources */ = {isa = PBXBuildFile; fileRef = 9E5CEFCF25277B25001C95AA /* RockSearchViewController.swift */; };
		9E5CEFD325277B25001C95AA /* RockSearchViewController.storyboard in Resources */ = {isa = PBXBuildFile; fileRef = 9E5CEFD125277B25001C95AA /* RockSearchViewController.storyboard */; };
		9E5CEFD525277B26001C95AA /* Assets.xcassets in Resources */ = {isa = PBXBuildFile; fileRef = 9E5CEFD425277B26001C95AA /* Assets.xcassets */; };
		9E5CEFD825277B26001C95AA /* LaunchScreen.storyboard in Resources */ = {isa = PBXBuildFile; fileRef = 9E5CEFD625277B26001C95AA /* LaunchScreen.storyboard */; };
		9E5CEFE325277B26001C95AA /* RockMapTests.swift in Sources */ = {isa = PBXBuildFile; fileRef = 9E5CEFE225277B26001C95AA /* RockMapTests.swift */; };
		9E5CEFEE25277B26001C95AA /* RockMapUITests.swift in Sources */ = {isa = PBXBuildFile; fileRef = 9E5CEFED25277B26001C95AA /* RockMapUITests.swift */; };
		9E807CA8254CFD150091935F /* MyPageViewController.swift in Sources */ = {isa = PBXBuildFile; fileRef = 9E807CA7254CFD150091935F /* MyPageViewController.swift */; };
		9E807CAD254CFD250091935F /* MyPageViewController.storyboard in Resources */ = {isa = PBXBuildFile; fileRef = 9E807CAC254CFD250091935F /* MyPageViewController.storyboard */; };
		9E807CB2254CFE570091935F /* NSObjectProtocolExtension.swift in Sources */ = {isa = PBXBuildFile; fileRef = 9E807CB1254CFE570091935F /* NSObjectProtocolExtension.swift */; };
		9E807CB8254CFF560091935F /* RegisterViewController.storyboard in Resources */ = {isa = PBXBuildFile; fileRef = 9E807CB7254CFF560091935F /* RegisterViewController.storyboard */; };
		9E807CBD254CFF640091935F /* RegisterViewController.swift in Sources */ = {isa = PBXBuildFile; fileRef = 9E807CBC254CFF640091935F /* RegisterViewController.swift */; };
		9E807CC6254D00310091935F /* ScreenType.swift in Sources */ = {isa = PBXBuildFile; fileRef = 9E807CC5254D00310091935F /* ScreenType.swift */; };
		9E807CCB254E92F50091935F /* RockRegisterViewController.swift in Sources */ = {isa = PBXBuildFile; fileRef = 9E807CCA254E92F50091935F /* RockRegisterViewController.swift */; };
		9E807CD1254E93120091935F /* RockRegisterViewController.storyboard in Resources */ = {isa = PBXBuildFile; fileRef = 9E807CD0254E93120091935F /* RockRegisterViewController.storyboard */; };
		9E98D51B2552907500EC5AC1 /* UIViewControllerExtension.swift in Sources */ = {isa = PBXBuildFile; fileRef = 9E98D51A2552907500EC5AC1 /* UIViewControllerExtension.swift */; };
		9E98D5402552F8AB00EC5AC1 /* TouchableScrollView.swift in Sources */ = {isa = PBXBuildFile; fileRef = 9E98D53F2552F8AB00EC5AC1 /* TouchableScrollView.swift */; };
		9E98D549255300B900EC5AC1 /* ColorPallet.swift in Sources */ = {isa = PBXBuildFile; fileRef = 9E98D548255300B900EC5AC1 /* ColorPallet.swift */; };
		9E98D554255303D200EC5AC1 /* ImageUploadPopOverTableViewController.swift in Sources */ = {isa = PBXBuildFile; fileRef = 9E98D553255303D200EC5AC1 /* ImageUploadPopOverTableViewController.swift */; };
		9E98D55A255308B900EC5AC1 /* ImageUploadPopOverTableViewCell.swift in Sources */ = {isa = PBXBuildFile; fileRef = 9E98D558255308B900EC5AC1 /* ImageUploadPopOverTableViewCell.swift */; };
		9E98D55B255308B900EC5AC1 /* ImageUploadPopOverTableViewCell.xib in Resources */ = {isa = PBXBuildFile; fileRef = 9E98D559255308B900EC5AC1 /* ImageUploadPopOverTableViewCell.xib */; };
		9EB6BA67252E00E400553026 /* MainTabBarController.swift in Sources */ = {isa = PBXBuildFile; fileRef = 9EB6BA66252E00E400553026 /* MainTabBarController.swift */; };
		CBAA747075FB127921468843 /* Pods_RockMap_RockMapUITests.framework in Frameworks */ = {isa = PBXBuildFile; fileRef = A93FA2E5F3CDDBEBF4F2E874 /* Pods_RockMap_RockMapUITests.framework */; };
		D051CF7A0BF4DCADA4166E23 /* Pods_RockMapTests.framework in Frameworks */ = {isa = PBXBuildFile; fileRef = 0B162A0516FABFE35E4E0955 /* Pods_RockMapTests.framework */; };
/* End PBXBuildFile section */

/* Begin PBXContainerItemProxy section */
		9E5CEFDF25277B26001C95AA /* PBXContainerItemProxy */ = {
			isa = PBXContainerItemProxy;
			containerPortal = 9E5CEFC025277B25001C95AA /* Project object */;
			proxyType = 1;
			remoteGlobalIDString = 9E5CEFC725277B25001C95AA;
			remoteInfo = RockMap;
		};
		9E5CEFEA25277B26001C95AA /* PBXContainerItemProxy */ = {
			isa = PBXContainerItemProxy;
			containerPortal = 9E5CEFC025277B25001C95AA /* Project object */;
			proxyType = 1;
			remoteGlobalIDString = 9E5CEFC725277B25001C95AA;
			remoteInfo = RockMap;
		};
/* End PBXContainerItemProxy section */

/* Begin PBXFileReference section */
		0B162A0516FABFE35E4E0955 /* Pods_RockMapTests.framework */ = {isa = PBXFileReference; explicitFileType = wrapper.framework; includeInIndex = 0; path = Pods_RockMapTests.framework; sourceTree = BUILT_PRODUCTS_DIR; };
		226B19A86CFEA83B2FE2AE84 /* Pods-RockMapTests.debug.xcconfig */ = {isa = PBXFileReference; includeInIndex = 1; lastKnownFileType = text.xcconfig; name = "Pods-RockMapTests.debug.xcconfig"; path = "Target Support Files/Pods-RockMapTests/Pods-RockMapTests.debug.xcconfig"; sourceTree = "<group>"; };
		45DACC89F758D48EDA36FCE2 /* Pods_RockMap.framework */ = {isa = PBXFileReference; explicitFileType = wrapper.framework; includeInIndex = 0; path = Pods_RockMap.framework; sourceTree = BUILT_PRODUCTS_DIR; };
		615CD656AF40477A302876F6 /* Pods-RockMapTests.release.xcconfig */ = {isa = PBXFileReference; includeInIndex = 1; lastKnownFileType = text.xcconfig; name = "Pods-RockMapTests.release.xcconfig"; path = "Target Support Files/Pods-RockMapTests/Pods-RockMapTests.release.xcconfig"; sourceTree = "<group>"; };
		6A8D4469AB6661D2935D7507 /* Pods-RockMap-RockMapUITests.debug.xcconfig */ = {isa = PBXFileReference; includeInIndex = 1; lastKnownFileType = text.xcconfig; name = "Pods-RockMap-RockMapUITests.debug.xcconfig"; path = "Target Support Files/Pods-RockMap-RockMapUITests/Pods-RockMap-RockMapUITests.debug.xcconfig"; sourceTree = "<group>"; };
		6AE5AF1B695E4C4FAA592CE0 /* Pods-RockMap.debug.xcconfig */ = {isa = PBXFileReference; includeInIndex = 1; lastKnownFileType = text.xcconfig; name = "Pods-RockMap.debug.xcconfig"; path = "Target Support Files/Pods-RockMap/Pods-RockMap.debug.xcconfig"; sourceTree = "<group>"; };
		9E016FBB252CD0C600C2B85C /* GoogleService-Info.plist */ = {isa = PBXFileReference; fileEncoding = 4; lastKnownFileType = text.plist.xml; path = "GoogleService-Info.plist"; sourceTree = "<group>"; };
		9E04B187254B1C380097DA8E /* SignUpViewModel.swift */ = {isa = PBXFileReference; lastKnownFileType = sourcecode.swift; path = SignUpViewModel.swift; sourceTree = "<group>"; };
		9E04B18C254B1EB30097DA8E /* UITextFieldExtension.swift */ = {isa = PBXFileReference; lastKnownFileType = sourcecode.swift; path = UITextFieldExtension.swift; sourceTree = "<group>"; };
		9E04B194254B28670097DA8E /* UserDocument.swift */ = {isa = PBXFileReference; lastKnownFileType = sourcecode.swift; path = UserDocument.swift; sourceTree = "<group>"; };
		9E04B1AC254BA99C0097DA8E /* TextFieldValidator.swift */ = {isa = PBXFileReference; lastKnownFileType = sourcecode.swift; path = TextFieldValidator.swift; sourceTree = "<group>"; };
		9E04B1B4254BC3FC0097DA8E /* StringExtesnion.swift */ = {isa = PBXFileReference; lastKnownFileType = sourcecode.swift; path = StringExtesnion.swift; sourceTree = "<group>"; };
		9E04B1C3254BDF3D0097DA8E /* LoginViewModel.swift */ = {isa = PBXFileReference; lastKnownFileType = sourcecode.swift; path = LoginViewModel.swift; sourceTree = "<group>"; };
		9E04B1C8254BDFEE0097DA8E /* NetWorkState.swift */ = {isa = PBXFileReference; lastKnownFileType = sourcecode.swift; path = NetWorkState.swift; sourceTree = "<group>"; };
		9E04B1CF254BE7B30097DA8E /* LocationManager.swift */ = {isa = PBXFileReference; lastKnownFileType = sourcecode.swift; path = LocationManager.swift; sourceTree = "<group>"; };
		9E0A9F182550519F007B9A90 /* RockRegisterViewModel.swift */ = {isa = PBXFileReference; lastKnownFileType = sourcecode.swift; path = RockRegisterViewModel.swift; sourceTree = "<group>"; };
		9E0A9F1D2551006E007B9A90 /* UITextViewExtension.swift */ = {isa = PBXFileReference; lastKnownFileType = sourcecode.swift; path = UITextViewExtension.swift; sourceTree = "<group>"; };
		9E0A9F28255104A0007B9A90 /* KeyboardExtension.swift */ = {isa = PBXFileReference; lastKnownFileType = sourcecode.swift; path = KeyboardExtension.swift; sourceTree = "<group>"; };
		9E0FEDB125487B7B00009D09 /* SignUpViewController.swift */ = {isa = PBXFileReference; lastKnownFileType = sourcecode.swift; path = SignUpViewController.swift; sourceTree = "<group>"; };
		9E0FEDB625487B8E00009D09 /* SignUpViewController.storyboard */ = {isa = PBXFileReference; lastKnownFileType = file.storyboard; path = SignUpViewController.storyboard; sourceTree = "<group>"; };
		9E1C031B2554574F00F923A3 /* ValidatorTests.swift */ = {isa = PBXFileReference; lastKnownFileType = sourcecode.swift; path = ValidatorTests.swift; sourceTree = "<group>"; };
		9E1C5B672545CE57004F99C1 /* FireStoreClient.swift */ = {isa = PBXFileReference; lastKnownFileType = sourcecode.swift; path = FireStoreClient.swift; sourceTree = "<group>"; };
		9E1C5B6C2545D10B004F99C1 /* RockDocument.swift */ = {isa = PBXFileReference; lastKnownFileType = sourcecode.swift; path = RockDocument.swift; sourceTree = "<group>"; };
		9E2B112E25471F6100D7E56C /* LoginViewController.swift */ = {isa = PBXFileReference; lastKnownFileType = sourcecode.swift; path = LoginViewController.swift; sourceTree = "<group>"; };
		9E2B113325471F7400D7E56C /* LoginViewController.storyboard */ = {isa = PBXFileReference; lastKnownFileType = file.storyboard; path = LoginViewController.storyboard; sourceTree = "<group>"; };
		9E5CEFC825277B25001C95AA /* RockMap.app */ = {isa = PBXFileReference; explicitFileType = wrapper.application; includeInIndex = 0; path = RockMap.app; sourceTree = BUILT_PRODUCTS_DIR; };
		9E5CEFCB25277B25001C95AA /* AppDelegate.swift */ = {isa = PBXFileReference; lastKnownFileType = sourcecode.swift; path = AppDelegate.swift; sourceTree = "<group>"; };
		9E5CEFCD25277B25001C95AA /* SceneDelegate.swift */ = {isa = PBXFileReference; lastKnownFileType = sourcecode.swift; path = SceneDelegate.swift; sourceTree = "<group>"; };
		9E5CEFCF25277B25001C95AA /* RockSearchViewController.swift */ = {isa = PBXFileReference; lastKnownFileType = sourcecode.swift; path = RockSearchViewController.swift; sourceTree = "<group>"; };
		9E5CEFD225277B25001C95AA /* Base */ = {isa = PBXFileReference; lastKnownFileType = file.storyboard; name = Base; path = Base.lproj/RockSearchViewController.storyboard; sourceTree = "<group>"; };
		9E5CEFD425277B26001C95AA /* Assets.xcassets */ = {isa = PBXFileReference; lastKnownFileType = folder.assetcatalog; path = Assets.xcassets; sourceTree = "<group>"; };
		9E5CEFD725277B26001C95AA /* Base */ = {isa = PBXFileReference; lastKnownFileType = file.storyboard; name = Base; path = Base.lproj/LaunchScreen.storyboard; sourceTree = "<group>"; };
		9E5CEFD925277B26001C95AA /* Info.plist */ = {isa = PBXFileReference; lastKnownFileType = text.plist.xml; path = Info.plist; sourceTree = "<group>"; };
		9E5CEFDE25277B26001C95AA /* RockMapTests.xctest */ = {isa = PBXFileReference; explicitFileType = wrapper.cfbundle; includeInIndex = 0; path = RockMapTests.xctest; sourceTree = BUILT_PRODUCTS_DIR; };
		9E5CEFE225277B26001C95AA /* RockMapTests.swift */ = {isa = PBXFileReference; lastKnownFileType = sourcecode.swift; path = RockMapTests.swift; sourceTree = "<group>"; };
		9E5CEFE425277B26001C95AA /* Info.plist */ = {isa = PBXFileReference; lastKnownFileType = text.plist.xml; path = Info.plist; sourceTree = "<group>"; };
		9E5CEFE925277B26001C95AA /* RockMapUITests.xctest */ = {isa = PBXFileReference; explicitFileType = wrapper.cfbundle; includeInIndex = 0; path = RockMapUITests.xctest; sourceTree = BUILT_PRODUCTS_DIR; };
		9E5CEFED25277B26001C95AA /* RockMapUITests.swift */ = {isa = PBXFileReference; lastKnownFileType = sourcecode.swift; path = RockMapUITests.swift; sourceTree = "<group>"; };
		9E5CEFEF25277B26001C95AA /* Info.plist */ = {isa = PBXFileReference; lastKnownFileType = text.plist.xml; path = Info.plist; sourceTree = "<group>"; };
		9E807CA7254CFD150091935F /* MyPageViewController.swift */ = {isa = PBXFileReference; lastKnownFileType = sourcecode.swift; path = MyPageViewController.swift; sourceTree = "<group>"; };
		9E807CAC254CFD250091935F /* MyPageViewController.storyboard */ = {isa = PBXFileReference; lastKnownFileType = file.storyboard; path = MyPageViewController.storyboard; sourceTree = "<group>"; };
		9E807CB1254CFE570091935F /* NSObjectProtocolExtension.swift */ = {isa = PBXFileReference; lastKnownFileType = sourcecode.swift; path = NSObjectProtocolExtension.swift; sourceTree = "<group>"; };
		9E807CB7254CFF560091935F /* RegisterViewController.storyboard */ = {isa = PBXFileReference; lastKnownFileType = file.storyboard; path = RegisterViewController.storyboard; sourceTree = "<group>"; };
		9E807CBC254CFF640091935F /* RegisterViewController.swift */ = {isa = PBXFileReference; lastKnownFileType = sourcecode.swift; path = RegisterViewController.swift; sourceTree = "<group>"; };
		9E807CC5254D00310091935F /* ScreenType.swift */ = {isa = PBXFileReference; lastKnownFileType = sourcecode.swift; path = ScreenType.swift; sourceTree = "<group>"; };
		9E807CCA254E92F50091935F /* RockRegisterViewController.swift */ = {isa = PBXFileReference; lastKnownFileType = sourcecode.swift; path = RockRegisterViewController.swift; sourceTree = "<group>"; };
		9E807CD0254E93120091935F /* RockRegisterViewController.storyboard */ = {isa = PBXFileReference; lastKnownFileType = file.storyboard; path = RockRegisterViewController.storyboard; sourceTree = "<group>"; };
		9E98D51A2552907500EC5AC1 /* UIViewControllerExtension.swift */ = {isa = PBXFileReference; lastKnownFileType = sourcecode.swift; path = UIViewControllerExtension.swift; sourceTree = "<group>"; };
		9E98D53F2552F8AB00EC5AC1 /* TouchableScrollView.swift */ = {isa = PBXFileReference; lastKnownFileType = sourcecode.swift; path = TouchableScrollView.swift; sourceTree = "<group>"; };
		9E98D548255300B900EC5AC1 /* ColorPallet.swift */ = {isa = PBXFileReference; lastKnownFileType = sourcecode.swift; path = ColorPallet.swift; sourceTree = "<group>"; };
		9E98D553255303D200EC5AC1 /* ImageUploadPopOverTableViewController.swift */ = {isa = PBXFileReference; lastKnownFileType = sourcecode.swift; path = ImageUploadPopOverTableViewController.swift; sourceTree = "<group>"; };
		9E98D558255308B900EC5AC1 /* ImageUploadPopOverTableViewCell.swift */ = {isa = PBXFileReference; lastKnownFileType = sourcecode.swift; path = ImageUploadPopOverTableViewCell.swift; sourceTree = "<group>"; };
		9E98D559255308B900EC5AC1 /* ImageUploadPopOverTableViewCell.xib */ = {isa = PBXFileReference; lastKnownFileType = file.xib; path = ImageUploadPopOverTableViewCell.xib; sourceTree = "<group>"; };
		9EB6BA66252E00E400553026 /* MainTabBarController.swift */ = {isa = PBXFileReference; lastKnownFileType = sourcecode.swift; path = MainTabBarController.swift; sourceTree = "<group>"; };
		A93FA2E5F3CDDBEBF4F2E874 /* Pods_RockMap_RockMapUITests.framework */ = {isa = PBXFileReference; explicitFileType = wrapper.framework; includeInIndex = 0; path = Pods_RockMap_RockMapUITests.framework; sourceTree = BUILT_PRODUCTS_DIR; };
		BFEBD1C114864D80199A2EE9 /* Pods-RockMap.release.xcconfig */ = {isa = PBXFileReference; includeInIndex = 1; lastKnownFileType = text.xcconfig; name = "Pods-RockMap.release.xcconfig"; path = "Target Support Files/Pods-RockMap/Pods-RockMap.release.xcconfig"; sourceTree = "<group>"; };
		FD02BC156288B927B18F0B8C /* Pods-RockMap-RockMapUITests.release.xcconfig */ = {isa = PBXFileReference; includeInIndex = 1; lastKnownFileType = text.xcconfig; name = "Pods-RockMap-RockMapUITests.release.xcconfig"; path = "Target Support Files/Pods-RockMap-RockMapUITests/Pods-RockMap-RockMapUITests.release.xcconfig"; sourceTree = "<group>"; };
/* End PBXFileReference section */

/* Begin PBXFrameworksBuildPhase section */
		9E5CEFC525277B25001C95AA /* Frameworks */ = {
			isa = PBXFrameworksBuildPhase;
			buildActionMask = 2147483647;
			files = (
				90862925AE716E43169D5A87 /* Pods_RockMap.framework in Frameworks */,
			);
			runOnlyForDeploymentPostprocessing = 0;
		};
		9E5CEFDB25277B26001C95AA /* Frameworks */ = {
			isa = PBXFrameworksBuildPhase;
			buildActionMask = 2147483647;
			files = (
				D051CF7A0BF4DCADA4166E23 /* Pods_RockMapTests.framework in Frameworks */,
			);
			runOnlyForDeploymentPostprocessing = 0;
		};
		9E5CEFE625277B26001C95AA /* Frameworks */ = {
			isa = PBXFrameworksBuildPhase;
			buildActionMask = 2147483647;
			files = (
				CBAA747075FB127921468843 /* Pods_RockMap_RockMapUITests.framework in Frameworks */,
			);
			runOnlyForDeploymentPostprocessing = 0;
		};
/* End PBXFrameworksBuildPhase section */

/* Begin PBXGroup section */
		2241C9A5B89420BB4FEBC0BA /* Pods */ = {
			isa = PBXGroup;
			children = (
				6AE5AF1B695E4C4FAA592CE0 /* Pods-RockMap.debug.xcconfig */,
				BFEBD1C114864D80199A2EE9 /* Pods-RockMap.release.xcconfig */,
				6A8D4469AB6661D2935D7507 /* Pods-RockMap-RockMapUITests.debug.xcconfig */,
				FD02BC156288B927B18F0B8C /* Pods-RockMap-RockMapUITests.release.xcconfig */,
				226B19A86CFEA83B2FE2AE84 /* Pods-RockMapTests.debug.xcconfig */,
				615CD656AF40477A302876F6 /* Pods-RockMapTests.release.xcconfig */,
			);
			path = Pods;
			sourceTree = "<group>";
		};
		9E04B191254B28230097DA8E /* Model */ = {
			isa = PBXGroup;
			children = (
				9E04B1CE254BE7A70097DA8E /* Location */,
				9E1C5B672545CE57004F99C1 /* FireStoreClient.swift */,
				9E1C5B6C2545D10B004F99C1 /* RockDocument.swift */,
				9E04B194254B28670097DA8E /* UserDocument.swift */,
			);
			path = Model;
			sourceTree = "<group>";
		};
		9E04B192254B28330097DA8E /* Login */ = {
			isa = PBXGroup;
			children = (
				9E2B112E25471F6100D7E56C /* LoginViewController.swift */,
				9E04B1C3254BDF3D0097DA8E /* LoginViewModel.swift */,
				9E2B113325471F7400D7E56C /* LoginViewController.storyboard */,
			);
			path = Login;
			sourceTree = "<group>";
		};
		9E04B193254B283F0097DA8E /* SignUp */ = {
			isa = PBXGroup;
			children = (
				9E0FEDB125487B7B00009D09 /* SignUpViewController.swift */,
				9E04B187254B1C380097DA8E /* SignUpViewModel.swift */,
				9E0FEDB625487B8E00009D09 /* SignUpViewController.storyboard */,
			);
			path = SignUp;
			sourceTree = "<group>";
		};
		9E04B1A9254BA94C0097DA8E /* RockSearch */ = {
			isa = PBXGroup;
			children = (
				9E5CEFCF25277B25001C95AA /* RockSearchViewController.swift */,
				9E5CEFD125277B25001C95AA /* RockSearchViewController.storyboard */,
			);
			path = RockSearch;
			sourceTree = "<group>";
		};
		9E04B1AA254BA9720097DA8E /* Extension */ = {
			isa = PBXGroup;
			children = (
				9E04B1B4254BC3FC0097DA8E /* StringExtesnion.swift */,
				9E04B18C254B1EB30097DA8E /* UITextFieldExtension.swift */,
				9E0A9F28255104A0007B9A90 /* KeyboardExtension.swift */,
				9E0A9F1D2551006E007B9A90 /* UITextViewExtension.swift */,
				9E807CB1254CFE570091935F /* NSObjectProtocolExtension.swift */,
				9E98D51A2552907500EC5AC1 /* UIViewControllerExtension.swift */,
			);
			path = Extension;
			sourceTree = "<group>";
		};
		9E04B1AB254BA9850097DA8E /* Utils */ = {
			isa = PBXGroup;
			children = (
				9E04B1AC254BA99C0097DA8E /* TextFieldValidator.swift */,
			);
			path = Utils;
			sourceTree = "<group>";
		};
		9E04B1CE254BE7A70097DA8E /* Location */ = {
			isa = PBXGroup;
			children = (
				9E04B1CF254BE7B30097DA8E /* LocationManager.swift */,
			);
			path = Location;
			sourceTree = "<group>";
		};
		9E2B112D25471F1800D7E56C /* View */ = {
			isa = PBXGroup;
			children = (
				9E98D53D2552F88B00EC5AC1 /* SupportView */,
				9E04B1A9254BA94C0097DA8E /* RockSearch */,
				9E807CB6254CFF3F0091935F /* Register */,
				9E807CA3254CFCF50091935F /* MyPage */,
				9E04B192254B28330097DA8E /* Login */,
				9E04B193254B283F0097DA8E /* SignUp */,
				9E807CC4254D000A0091935F /* MainTabBar */,
				9E04B1C8254BDFEE0097DA8E /* NetWorkState.swift */,
			);
			path = View;
			sourceTree = "<group>";
		};
		9E5CEFBF25277B25001C95AA = {
			isa = PBXGroup;
			children = (
				9E5CEFCA25277B25001C95AA /* RockMap */,
				9E5CEFE125277B26001C95AA /* RockMapTests */,
				9E5CEFEC25277B26001C95AA /* RockMapUITests */,
				9E5CEFC925277B25001C95AA /* Products */,
				2241C9A5B89420BB4FEBC0BA /* Pods */,
				B73B4B14EAEF596F70BCEA58 /* Frameworks */,
			);
			sourceTree = "<group>";
		};
		9E5CEFC925277B25001C95AA /* Products */ = {
			isa = PBXGroup;
			children = (
				9E5CEFC825277B25001C95AA /* RockMap.app */,
				9E5CEFDE25277B26001C95AA /* RockMapTests.xctest */,
				9E5CEFE925277B26001C95AA /* RockMapUITests.xctest */,
			);
			name = Products;
			sourceTree = "<group>";
		};
		9E5CEFCA25277B25001C95AA /* RockMap */ = {
			isa = PBXGroup;
			children = (
				9E5CEFCB25277B25001C95AA /* AppDelegate.swift */,
				9E5CEFCD25277B25001C95AA /* SceneDelegate.swift */,
				9E98D5472553009100EC5AC1 /* Resources */,
				9E04B1AB254BA9850097DA8E /* Utils */,
				9E04B1AA254BA9720097DA8E /* Extension */,
				9E2B112D25471F1800D7E56C /* View */,
				9E04B191254B28230097DA8E /* Model */,
				9E5CEFD625277B26001C95AA /* LaunchScreen.storyboard */,
				9E5CEFD925277B26001C95AA /* Info.plist */,
				9E016FBB252CD0C600C2B85C /* GoogleService-Info.plist */,
			);
			path = RockMap;
			sourceTree = "<group>";
		};
		9E5CEFE125277B26001C95AA /* RockMapTests */ = {
			isa = PBXGroup;
			children = (
				9E5CEFE225277B26001C95AA /* RockMapTests.swift */,
				9E1C031B2554574F00F923A3 /* ValidatorTests.swift */,
				9E5CEFE425277B26001C95AA /* Info.plist */,
			);
			path = RockMapTests;
			sourceTree = "<group>";
		};
		9E5CEFEC25277B26001C95AA /* RockMapUITests */ = {
			isa = PBXGroup;
			children = (
				9E5CEFED25277B26001C95AA /* RockMapUITests.swift */,
				9E5CEFEF25277B26001C95AA /* Info.plist */,
			);
			path = RockMapUITests;
			sourceTree = "<group>";
		};
		9E807CA3254CFCF50091935F /* MyPage */ = {
			isa = PBXGroup;
			children = (
				9E807CA7254CFD150091935F /* MyPageViewController.swift */,
				9E807CAC254CFD250091935F /* MyPageViewController.storyboard */,
			);
			path = MyPage;
			sourceTree = "<group>";
		};
		9E807CB6254CFF3F0091935F /* Register */ = {
			isa = PBXGroup;
			children = (
				9E807CBC254CFF640091935F /* RegisterViewController.swift */,
				9E807CB7254CFF560091935F /* RegisterViewController.storyboard */,
				9E807CCF254E92FD0091935F /* RockRegister */,
			);
			path = Register;
			sourceTree = "<group>";
		};
		9E807CC4254D000A0091935F /* MainTabBar */ = {
			isa = PBXGroup;
			children = (
				9EB6BA66252E00E400553026 /* MainTabBarController.swift */,
				9E807CC5254D00310091935F /* ScreenType.swift */,
			);
			path = MainTabBar;
			sourceTree = "<group>";
		};
		9E807CCF254E92FD0091935F /* RockRegister */ = {
			isa = PBXGroup;
			children = (
				9E807CCA254E92F50091935F /* RockRegisterViewController.swift */,
				9E98D553255303D200EC5AC1 /* ImageUploadPopOverTableViewController.swift */,
				9E98D558255308B900EC5AC1 /* ImageUploadPopOverTableViewCell.swift */,
				9E98D559255308B900EC5AC1 /* ImageUploadPopOverTableViewCell.xib */,
				9E0A9F182550519F007B9A90 /* RockRegisterViewModel.swift */,
				9E807CD0254E93120091935F /* RockRegisterViewController.storyboard */,
			);
			path = RockRegister;
			sourceTree = "<group>";
		};
		9E98D53D2552F88B00EC5AC1 /* SupportView */ = {
			isa = PBXGroup;
			children = (
				9E98D53F2552F8AB00EC5AC1 /* TouchableScrollView.swift */,
			);
			path = SupportView;
			sourceTree = "<group>";
		};
		9E98D5472553009100EC5AC1 /* Resources */ = {
			isa = PBXGroup;
			children = (
				9E5CEFD425277B26001C95AA /* Assets.xcassets */,
				9E98D548255300B900EC5AC1 /* ColorPallet.swift */,
			);
			path = Resources;
			sourceTree = "<group>";
		};
		B73B4B14EAEF596F70BCEA58 /* Frameworks */ = {
			isa = PBXGroup;
			children = (
				45DACC89F758D48EDA36FCE2 /* Pods_RockMap.framework */,
				A93FA2E5F3CDDBEBF4F2E874 /* Pods_RockMap_RockMapUITests.framework */,
				0B162A0516FABFE35E4E0955 /* Pods_RockMapTests.framework */,
			);
			name = Frameworks;
			sourceTree = "<group>";
		};
/* End PBXGroup section */

/* Begin PBXNativeTarget section */
		9E5CEFC725277B25001C95AA /* RockMap */ = {
			isa = PBXNativeTarget;
			buildConfigurationList = 9E5CEFF225277B26001C95AA /* Build configuration list for PBXNativeTarget "RockMap" */;
			buildPhases = (
				E66BCD4E212D3B62EB48A612 /* [CP] Check Pods Manifest.lock */,
				9E5CEFC425277B25001C95AA /* Sources */,
				9E5CEFC525277B25001C95AA /* Frameworks */,
				9E5CEFC625277B25001C95AA /* Resources */,
				9E0C9F3A2534A8F600F66F01 /* SwiftLint */,
				BC5A6EA522147B78E11DE918 /* [CP] Embed Pods Frameworks */,
				9E5C5E272554EFA600D00087 /* Crashlytics */,
			);
			buildRules = (
			);
			dependencies = (
			);
			name = RockMap;
			productName = RockMap;
			productReference = 9E5CEFC825277B25001C95AA /* RockMap.app */;
			productType = "com.apple.product-type.application";
		};
		9E5CEFDD25277B26001C95AA /* RockMapTests */ = {
			isa = PBXNativeTarget;
			buildConfigurationList = 9E5CEFF525277B26001C95AA /* Build configuration list for PBXNativeTarget "RockMapTests" */;
			buildPhases = (
				EDB8C4D9E03FFA8EB8A40A68 /* [CP] Check Pods Manifest.lock */,
				9E5CEFDA25277B26001C95AA /* Sources */,
				9E5CEFDB25277B26001C95AA /* Frameworks */,
				9E5CEFDC25277B26001C95AA /* Resources */,
			);
			buildRules = (
			);
			dependencies = (
				9E5CEFE025277B26001C95AA /* PBXTargetDependency */,
			);
			name = RockMapTests;
			productName = RockMapTests;
			productReference = 9E5CEFDE25277B26001C95AA /* RockMapTests.xctest */;
			productType = "com.apple.product-type.bundle.unit-test";
		};
		9E5CEFE825277B26001C95AA /* RockMapUITests */ = {
			isa = PBXNativeTarget;
			buildConfigurationList = 9E5CEFF825277B26001C95AA /* Build configuration list for PBXNativeTarget "RockMapUITests" */;
			buildPhases = (
				C421FB97EAA75D0369E5C159 /* [CP] Check Pods Manifest.lock */,
				9E5CEFE525277B26001C95AA /* Sources */,
				9E5CEFE625277B26001C95AA /* Frameworks */,
				9E5CEFE725277B26001C95AA /* Resources */,
				641DF250AFE7D6190E0B42CE /* [CP] Embed Pods Frameworks */,
			);
			buildRules = (
			);
			dependencies = (
				9E5CEFEB25277B26001C95AA /* PBXTargetDependency */,
			);
			name = RockMapUITests;
			productName = RockMapUITests;
			productReference = 9E5CEFE925277B26001C95AA /* RockMapUITests.xctest */;
			productType = "com.apple.product-type.bundle.ui-testing";
		};
/* End PBXNativeTarget section */

/* Begin PBXProject section */
		9E5CEFC025277B25001C95AA /* Project object */ = {
			isa = PBXProject;
			attributes = {
				LastSwiftUpdateCheck = 1200;
				LastUpgradeCheck = 1200;
				TargetAttributes = {
					9E5CEFC725277B25001C95AA = {
						CreatedOnToolsVersion = 12.0;
					};
					9E5CEFDD25277B26001C95AA = {
						CreatedOnToolsVersion = 12.0;
						TestTargetID = 9E5CEFC725277B25001C95AA;
					};
					9E5CEFE825277B26001C95AA = {
						CreatedOnToolsVersion = 12.0;
						TestTargetID = 9E5CEFC725277B25001C95AA;
					};
				};
			};
			buildConfigurationList = 9E5CEFC325277B25001C95AA /* Build configuration list for PBXProject "RockMap" */;
			compatibilityVersion = "Xcode 9.3";
			developmentRegion = en;
			hasScannedForEncodings = 0;
			knownRegions = (
				en,
				Base,
			);
			mainGroup = 9E5CEFBF25277B25001C95AA;
			productRefGroup = 9E5CEFC925277B25001C95AA /* Products */;
			projectDirPath = "";
			projectRoot = "";
			targets = (
				9E5CEFC725277B25001C95AA /* RockMap */,
				9E5CEFDD25277B26001C95AA /* RockMapTests */,
				9E5CEFE825277B26001C95AA /* RockMapUITests */,
			);
		};
/* End PBXProject section */

/* Begin PBXResourcesBuildPhase section */
		9E5CEFC625277B25001C95AA /* Resources */ = {
			isa = PBXResourcesBuildPhase;
			buildActionMask = 2147483647;
			files = (
				9E5CEFD825277B26001C95AA /* LaunchScreen.storyboard in Resources */,
				9E2B113425471F7400D7E56C /* LoginViewController.storyboard in Resources */,
				9E016FBC252CD0C600C2B85C /* GoogleService-Info.plist in Resources */,
				9E5CEFD525277B26001C95AA /* Assets.xcassets in Resources */,
				9E807CD1254E93120091935F /* RockRegisterViewController.storyboard in Resources */,
				9E807CB8254CFF560091935F /* RegisterViewController.storyboard in Resources */,
				9E98D55B255308B900EC5AC1 /* ImageUploadPopOverTableViewCell.xib in Resources */,
				9E5CEFD325277B25001C95AA /* RockSearchViewController.storyboard in Resources */,
				9E0FEDB725487B8E00009D09 /* SignUpViewController.storyboard in Resources */,
				9E807CAD254CFD250091935F /* MyPageViewController.storyboard in Resources */,
			);
			runOnlyForDeploymentPostprocessing = 0;
		};
		9E5CEFDC25277B26001C95AA /* Resources */ = {
			isa = PBXResourcesBuildPhase;
			buildActionMask = 2147483647;
			files = (
			);
			runOnlyForDeploymentPostprocessing = 0;
		};
		9E5CEFE725277B26001C95AA /* Resources */ = {
			isa = PBXResourcesBuildPhase;
			buildActionMask = 2147483647;
			files = (
			);
			runOnlyForDeploymentPostprocessing = 0;
		};
/* End PBXResourcesBuildPhase section */

/* Begin PBXShellScriptBuildPhase section */
		641DF250AFE7D6190E0B42CE /* [CP] Embed Pods Frameworks */ = {
			isa = PBXShellScriptBuildPhase;
			buildActionMask = 2147483647;
			files = (
			);
			inputFileListPaths = (
				"${PODS_ROOT}/Target Support Files/Pods-RockMap-RockMapUITests/Pods-RockMap-RockMapUITests-frameworks-${CONFIGURATION}-input-files.xcfilelist",
			);
			name = "[CP] Embed Pods Frameworks";
			outputFileListPaths = (
				"${PODS_ROOT}/Target Support Files/Pods-RockMap-RockMapUITests/Pods-RockMap-RockMapUITests-frameworks-${CONFIGURATION}-output-files.xcfilelist",
			);
			runOnlyForDeploymentPostprocessing = 0;
			shellPath = /bin/sh;
			shellScript = "\"${PODS_ROOT}/Target Support Files/Pods-RockMap-RockMapUITests/Pods-RockMap-RockMapUITests-frameworks.sh\"\n";
			showEnvVarsInLog = 0;
		};
		9E0C9F3A2534A8F600F66F01 /* SwiftLint */ = {
			isa = PBXShellScriptBuildPhase;
			buildActionMask = 2147483647;
			files = (
			);
			inputFileListPaths = (
			);
			inputPaths = (
			);
			name = SwiftLint;
			outputFileListPaths = (
			);
			outputPaths = (
			);
			runOnlyForDeploymentPostprocessing = 0;
			shellPath = /bin/sh;
			shellScript = "if which swiftlint >/dev/null; then\n  swiftlint\nelse\n  echo \"warning: SwiftLint not installed, download from https://github.com/realm/SwiftLint\"\nfi\n";
		};
		9E5C5E272554EFA600D00087 /* Crashlytics */ = {
			isa = PBXShellScriptBuildPhase;
			buildActionMask = 2147483647;
			files = (
			);
			inputFileListPaths = (
			);
			inputPaths = (
			);
			name = Crashlytics;
			outputFileListPaths = (
			);
			outputPaths = (
			);
			runOnlyForDeploymentPostprocessing = 0;
			shellPath = /bin/sh;
			shellScript = "\"${PODS_ROOT}/FirebaseCrashlytics/run\"\n";
		};
		BC5A6EA522147B78E11DE918 /* [CP] Embed Pods Frameworks */ = {
			isa = PBXShellScriptBuildPhase;
			buildActionMask = 2147483647;
			files = (
			);
			inputFileListPaths = (
				"${PODS_ROOT}/Target Support Files/Pods-RockMap/Pods-RockMap-frameworks-${CONFIGURATION}-input-files.xcfilelist",
			);
			name = "[CP] Embed Pods Frameworks";
			outputFileListPaths = (
				"${PODS_ROOT}/Target Support Files/Pods-RockMap/Pods-RockMap-frameworks-${CONFIGURATION}-output-files.xcfilelist",
			);
			runOnlyForDeploymentPostprocessing = 0;
			shellPath = /bin/sh;
			shellScript = "\"${PODS_ROOT}/Target Support Files/Pods-RockMap/Pods-RockMap-frameworks.sh\"\n";
			showEnvVarsInLog = 0;
		};
		C421FB97EAA75D0369E5C159 /* [CP] Check Pods Manifest.lock */ = {
			isa = PBXShellScriptBuildPhase;
			buildActionMask = 2147483647;
			files = (
			);
			inputFileListPaths = (
			);
			inputPaths = (
				"${PODS_PODFILE_DIR_PATH}/Podfile.lock",
				"${PODS_ROOT}/Manifest.lock",
			);
			name = "[CP] Check Pods Manifest.lock";
			outputFileListPaths = (
			);
			outputPaths = (
				"$(DERIVED_FILE_DIR)/Pods-RockMap-RockMapUITests-checkManifestLockResult.txt",
			);
			runOnlyForDeploymentPostprocessing = 0;
			shellPath = /bin/sh;
			shellScript = "diff \"${PODS_PODFILE_DIR_PATH}/Podfile.lock\" \"${PODS_ROOT}/Manifest.lock\" > /dev/null\nif [ $? != 0 ] ; then\n    # print error to STDERR\n    echo \"error: The sandbox is not in sync with the Podfile.lock. Run 'pod install' or update your CocoaPods installation.\" >&2\n    exit 1\nfi\n# This output is used by Xcode 'outputs' to avoid re-running this script phase.\necho \"SUCCESS\" > \"${SCRIPT_OUTPUT_FILE_0}\"\n";
			showEnvVarsInLog = 0;
		};
		E66BCD4E212D3B62EB48A612 /* [CP] Check Pods Manifest.lock */ = {
			isa = PBXShellScriptBuildPhase;
			buildActionMask = 2147483647;
			files = (
			);
			inputFileListPaths = (
			);
			inputPaths = (
				"${PODS_PODFILE_DIR_PATH}/Podfile.lock",
				"${PODS_ROOT}/Manifest.lock",
			);
			name = "[CP] Check Pods Manifest.lock";
			outputFileListPaths = (
			);
			outputPaths = (
				"$(DERIVED_FILE_DIR)/Pods-RockMap-checkManifestLockResult.txt",
			);
			runOnlyForDeploymentPostprocessing = 0;
			shellPath = /bin/sh;
			shellScript = "diff \"${PODS_PODFILE_DIR_PATH}/Podfile.lock\" \"${PODS_ROOT}/Manifest.lock\" > /dev/null\nif [ $? != 0 ] ; then\n    # print error to STDERR\n    echo \"error: The sandbox is not in sync with the Podfile.lock. Run 'pod install' or update your CocoaPods installation.\" >&2\n    exit 1\nfi\n# This output is used by Xcode 'outputs' to avoid re-running this script phase.\necho \"SUCCESS\" > \"${SCRIPT_OUTPUT_FILE_0}\"\n";
			showEnvVarsInLog = 0;
		};
		EDB8C4D9E03FFA8EB8A40A68 /* [CP] Check Pods Manifest.lock */ = {
			isa = PBXShellScriptBuildPhase;
			buildActionMask = 2147483647;
			files = (
			);
			inputFileListPaths = (
			);
			inputPaths = (
				"${PODS_PODFILE_DIR_PATH}/Podfile.lock",
				"${PODS_ROOT}/Manifest.lock",
			);
			name = "[CP] Check Pods Manifest.lock";
			outputFileListPaths = (
			);
			outputPaths = (
				"$(DERIVED_FILE_DIR)/Pods-RockMapTests-checkManifestLockResult.txt",
			);
			runOnlyForDeploymentPostprocessing = 0;
			shellPath = /bin/sh;
			shellScript = "diff \"${PODS_PODFILE_DIR_PATH}/Podfile.lock\" \"${PODS_ROOT}/Manifest.lock\" > /dev/null\nif [ $? != 0 ] ; then\n    # print error to STDERR\n    echo \"error: The sandbox is not in sync with the Podfile.lock. Run 'pod install' or update your CocoaPods installation.\" >&2\n    exit 1\nfi\n# This output is used by Xcode 'outputs' to avoid re-running this script phase.\necho \"SUCCESS\" > \"${SCRIPT_OUTPUT_FILE_0}\"\n";
			showEnvVarsInLog = 0;
		};
/* End PBXShellScriptBuildPhase section */

/* Begin PBXSourcesBuildPhase section */
		9E5CEFC425277B25001C95AA /* Sources */ = {
			isa = PBXSourcesBuildPhase;
			buildActionMask = 2147483647;
			files = (
				9E98D554255303D200EC5AC1 /* ImageUploadPopOverTableViewController.swift in Sources */,
				9E04B1B5254BC3FC0097DA8E /* StringExtesnion.swift in Sources */,
				9E0A9F29255104A0007B9A90 /* KeyboardExtension.swift in Sources */,
				9E807CC6254D00310091935F /* ScreenType.swift in Sources */,
				9E1C5B6D2545D10B004F99C1 /* RockDocument.swift in Sources */,
				9E2B112F25471F6100D7E56C /* LoginViewController.swift in Sources */,
				9E807CB2254CFE570091935F /* NSObjectProtocolExtension.swift in Sources */,
				9E0A9F192550519F007B9A90 /* RockRegisterViewModel.swift in Sources */,
				9E807CBD254CFF640091935F /* RegisterViewController.swift in Sources */,
				9E0FEDB225487B7B00009D09 /* SignUpViewController.swift in Sources */,
				9E04B1D0254BE7B30097DA8E /* LocationManager.swift in Sources */,
				9E5CEFD025277B25001C95AA /* RockSearchViewController.swift in Sources */,
				9E04B188254B1C380097DA8E /* SignUpViewModel.swift in Sources */,
				9E98D549255300B900EC5AC1 /* ColorPallet.swift in Sources */,
				9E04B1C4254BDF3D0097DA8E /* LoginViewModel.swift in Sources */,
				9E04B18D254B1EB30097DA8E /* UITextFieldExtension.swift in Sources */,
				9E98D55A255308B900EC5AC1 /* ImageUploadPopOverTableViewCell.swift in Sources */,
				9E98D51B2552907500EC5AC1 /* UIViewControllerExtension.swift in Sources */,
				9E5CEFCC25277B25001C95AA /* AppDelegate.swift in Sources */,
				9E98D5402552F8AB00EC5AC1 /* TouchableScrollView.swift in Sources */,
				9E0A9F1E2551006E007B9A90 /* UITextViewExtension.swift in Sources */,
				9E807CA8254CFD150091935F /* MyPageViewController.swift in Sources */,
				9EB6BA67252E00E400553026 /* MainTabBarController.swift in Sources */,
				9E1C5B682545CE57004F99C1 /* FireStoreClient.swift in Sources */,
				9E5CEFCE25277B25001C95AA /* SceneDelegate.swift in Sources */,
				9E04B1AD254BA99C0097DA8E /* TextFieldValidator.swift in Sources */,
				9E04B1C9254BDFEE0097DA8E /* NetWorkState.swift in Sources */,
				9E807CCB254E92F50091935F /* RockRegisterViewController.swift in Sources */,
				9E04B195254B28670097DA8E /* UserDocument.swift in Sources */,
			);
			runOnlyForDeploymentPostprocessing = 0;
		};
		9E5CEFDA25277B26001C95AA /* Sources */ = {
			isa = PBXSourcesBuildPhase;
			buildActionMask = 2147483647;
			files = (
				9E1C031C2554574F00F923A3 /* ValidatorTests.swift in Sources */,
				9E5CEFE325277B26001C95AA /* RockMapTests.swift in Sources */,
			);
			runOnlyForDeploymentPostprocessing = 0;
		};
		9E5CEFE525277B26001C95AA /* Sources */ = {
			isa = PBXSourcesBuildPhase;
			buildActionMask = 2147483647;
			files = (
				9E5CEFEE25277B26001C95AA /* RockMapUITests.swift in Sources */,
			);
			runOnlyForDeploymentPostprocessing = 0;
		};
/* End PBXSourcesBuildPhase section */

/* Begin PBXTargetDependency section */
		9E5CEFE025277B26001C95AA /* PBXTargetDependency */ = {
			isa = PBXTargetDependency;
			target = 9E5CEFC725277B25001C95AA /* RockMap */;
			targetProxy = 9E5CEFDF25277B26001C95AA /* PBXContainerItemProxy */;
		};
		9E5CEFEB25277B26001C95AA /* PBXTargetDependency */ = {
			isa = PBXTargetDependency;
			target = 9E5CEFC725277B25001C95AA /* RockMap */;
			targetProxy = 9E5CEFEA25277B26001C95AA /* PBXContainerItemProxy */;
		};
/* End PBXTargetDependency section */

/* Begin PBXVariantGroup section */
		9E5CEFD125277B25001C95AA /* RockSearchViewController.storyboard */ = {
			isa = PBXVariantGroup;
			children = (
				9E5CEFD225277B25001C95AA /* Base */,
			);
			name = RockSearchViewController.storyboard;
			sourceTree = "<group>";
		};
		9E5CEFD625277B26001C95AA /* LaunchScreen.storyboard */ = {
			isa = PBXVariantGroup;
			children = (
				9E5CEFD725277B26001C95AA /* Base */,
			);
			name = LaunchScreen.storyboard;
			sourceTree = "<group>";
		};
/* End PBXVariantGroup section */

/* Begin XCBuildConfiguration section */
		9E5CEFF025277B26001C95AA /* Debug */ = {
			isa = XCBuildConfiguration;
			buildSettings = {
				ALWAYS_SEARCH_USER_PATHS = NO;
				CLANG_ANALYZER_NONNULL = YES;
				CLANG_ANALYZER_NUMBER_OBJECT_CONVERSION = YES_AGGRESSIVE;
				CLANG_CXX_LANGUAGE_STANDARD = "gnu++14";
				CLANG_CXX_LIBRARY = "libc++";
				CLANG_ENABLE_MODULES = YES;
				CLANG_ENABLE_OBJC_ARC = YES;
				CLANG_ENABLE_OBJC_WEAK = YES;
				CLANG_WARN_BLOCK_CAPTURE_AUTORELEASING = YES;
				CLANG_WARN_BOOL_CONVERSION = YES;
				CLANG_WARN_COMMA = YES;
				CLANG_WARN_CONSTANT_CONVERSION = YES;
				CLANG_WARN_DEPRECATED_OBJC_IMPLEMENTATIONS = YES;
				CLANG_WARN_DIRECT_OBJC_ISA_USAGE = YES_ERROR;
				CLANG_WARN_DOCUMENTATION_COMMENTS = YES;
				CLANG_WARN_EMPTY_BODY = YES;
				CLANG_WARN_ENUM_CONVERSION = YES;
				CLANG_WARN_INFINITE_RECURSION = YES;
				CLANG_WARN_INT_CONVERSION = YES;
				CLANG_WARN_NON_LITERAL_NULL_CONVERSION = YES;
				CLANG_WARN_OBJC_IMPLICIT_RETAIN_SELF = YES;
				CLANG_WARN_OBJC_LITERAL_CONVERSION = YES;
				CLANG_WARN_OBJC_ROOT_CLASS = YES_ERROR;
				CLANG_WARN_QUOTED_INCLUDE_IN_FRAMEWORK_HEADER = YES;
				CLANG_WARN_RANGE_LOOP_ANALYSIS = YES;
				CLANG_WARN_STRICT_PROTOTYPES = YES;
				CLANG_WARN_SUSPICIOUS_MOVE = YES;
				CLANG_WARN_UNGUARDED_AVAILABILITY = YES_AGGRESSIVE;
				CLANG_WARN_UNREACHABLE_CODE = YES;
				CLANG_WARN__DUPLICATE_METHOD_MATCH = YES;
				COPY_PHASE_STRIP = NO;
				DEBUG_INFORMATION_FORMAT = dwarf;
				ENABLE_STRICT_OBJC_MSGSEND = YES;
				ENABLE_TESTABILITY = YES;
				GCC_C_LANGUAGE_STANDARD = gnu11;
				GCC_DYNAMIC_NO_PIC = NO;
				GCC_NO_COMMON_BLOCKS = YES;
				GCC_OPTIMIZATION_LEVEL = 0;
				GCC_PREPROCESSOR_DEFINITIONS = (
					"DEBUG=1",
					"$(inherited)",
				);
				GCC_WARN_64_TO_32_BIT_CONVERSION = YES;
				GCC_WARN_ABOUT_RETURN_TYPE = YES_ERROR;
				GCC_WARN_UNDECLARED_SELECTOR = YES;
				GCC_WARN_UNINITIALIZED_AUTOS = YES_AGGRESSIVE;
				GCC_WARN_UNUSED_FUNCTION = YES;
				GCC_WARN_UNUSED_VARIABLE = YES;
				IPHONEOS_DEPLOYMENT_TARGET = 14.0;
				MTL_ENABLE_DEBUG_INFO = INCLUDE_SOURCE;
				MTL_FAST_MATH = YES;
				ONLY_ACTIVE_ARCH = YES;
				SDKROOT = iphoneos;
				SWIFT_ACTIVE_COMPILATION_CONDITIONS = DEBUG;
				SWIFT_OPTIMIZATION_LEVEL = "-Onone";
			};
			name = Debug;
		};
		9E5CEFF125277B26001C95AA /* Release */ = {
			isa = XCBuildConfiguration;
			buildSettings = {
				ALWAYS_SEARCH_USER_PATHS = NO;
				CLANG_ANALYZER_NONNULL = YES;
				CLANG_ANALYZER_NUMBER_OBJECT_CONVERSION = YES_AGGRESSIVE;
				CLANG_CXX_LANGUAGE_STANDARD = "gnu++14";
				CLANG_CXX_LIBRARY = "libc++";
				CLANG_ENABLE_MODULES = YES;
				CLANG_ENABLE_OBJC_ARC = YES;
				CLANG_ENABLE_OBJC_WEAK = YES;
				CLANG_WARN_BLOCK_CAPTURE_AUTORELEASING = YES;
				CLANG_WARN_BOOL_CONVERSION = YES;
				CLANG_WARN_COMMA = YES;
				CLANG_WARN_CONSTANT_CONVERSION = YES;
				CLANG_WARN_DEPRECATED_OBJC_IMPLEMENTATIONS = YES;
				CLANG_WARN_DIRECT_OBJC_ISA_USAGE = YES_ERROR;
				CLANG_WARN_DOCUMENTATION_COMMENTS = YES;
				CLANG_WARN_EMPTY_BODY = YES;
				CLANG_WARN_ENUM_CONVERSION = YES;
				CLANG_WARN_INFINITE_RECURSION = YES;
				CLANG_WARN_INT_CONVERSION = YES;
				CLANG_WARN_NON_LITERAL_NULL_CONVERSION = YES;
				CLANG_WARN_OBJC_IMPLICIT_RETAIN_SELF = YES;
				CLANG_WARN_OBJC_LITERAL_CONVERSION = YES;
				CLANG_WARN_OBJC_ROOT_CLASS = YES_ERROR;
				CLANG_WARN_QUOTED_INCLUDE_IN_FRAMEWORK_HEADER = YES;
				CLANG_WARN_RANGE_LOOP_ANALYSIS = YES;
				CLANG_WARN_STRICT_PROTOTYPES = YES;
				CLANG_WARN_SUSPICIOUS_MOVE = YES;
				CLANG_WARN_UNGUARDED_AVAILABILITY = YES_AGGRESSIVE;
				CLANG_WARN_UNREACHABLE_CODE = YES;
				CLANG_WARN__DUPLICATE_METHOD_MATCH = YES;
				COPY_PHASE_STRIP = NO;
				DEBUG_INFORMATION_FORMAT = "dwarf-with-dsym";
				ENABLE_NS_ASSERTIONS = NO;
				ENABLE_STRICT_OBJC_MSGSEND = YES;
				GCC_C_LANGUAGE_STANDARD = gnu11;
				GCC_NO_COMMON_BLOCKS = YES;
				GCC_WARN_64_TO_32_BIT_CONVERSION = YES;
				GCC_WARN_ABOUT_RETURN_TYPE = YES_ERROR;
				GCC_WARN_UNDECLARED_SELECTOR = YES;
				GCC_WARN_UNINITIALIZED_AUTOS = YES_AGGRESSIVE;
				GCC_WARN_UNUSED_FUNCTION = YES;
				GCC_WARN_UNUSED_VARIABLE = YES;
				IPHONEOS_DEPLOYMENT_TARGET = 14.0;
				MTL_ENABLE_DEBUG_INFO = NO;
				MTL_FAST_MATH = YES;
				SDKROOT = iphoneos;
				SWIFT_COMPILATION_MODE = wholemodule;
				SWIFT_OPTIMIZATION_LEVEL = "-O";
				VALIDATE_PRODUCT = YES;
			};
			name = Release;
		};
		9E5CEFF325277B26001C95AA /* Debug */ = {
			isa = XCBuildConfiguration;
			baseConfigurationReference = 6AE5AF1B695E4C4FAA592CE0 /* Pods-RockMap.debug.xcconfig */;
			buildSettings = {
				ASSETCATALOG_COMPILER_APPICON_NAME = AppIcon;
				ASSETCATALOG_COMPILER_GLOBAL_ACCENT_COLOR_NAME = AccentColor;
				CODE_SIGN_IDENTITY = "Apple Development";
				CODE_SIGN_STYLE = Automatic;
				DEBUG_INFORMATION_FORMAT = "dwarf-with-dsym";
				DEVELOPMENT_TEAM = JXYB4XKM6U;
				INFOPLIST_FILE = RockMap/Info.plist;
				LD_RUNPATH_SEARCH_PATHS = (
					"$(inherited)",
					"@executable_path/Frameworks",
				);
				PRODUCT_BUNDLE_IDENTIFIER = "tk108gabalian-gmail.com.RockMap";
				PRODUCT_NAME = "$(TARGET_NAME)";
				PROVISIONING_PROFILE_SPECIFIER = "";
				SWIFT_VERSION = 5.0;
				TARGETED_DEVICE_FAMILY = "1,2";
			};
			name = Debug;
		};
		9E5CEFF425277B26001C95AA /* Release */ = {
			isa = XCBuildConfiguration;
			baseConfigurationReference = BFEBD1C114864D80199A2EE9 /* Pods-RockMap.release.xcconfig */;
			buildSettings = {
				ASSETCATALOG_COMPILER_APPICON_NAME = AppIcon;
				ASSETCATALOG_COMPILER_GLOBAL_ACCENT_COLOR_NAME = AccentColor;
				CODE_SIGN_IDENTITY = "Apple Development";
				CODE_SIGN_STYLE = Automatic;
				DEVELOPMENT_TEAM = JXYB4XKM6U;
				INFOPLIST_FILE = RockMap/Info.plist;
				LD_RUNPATH_SEARCH_PATHS = (
					"$(inherited)",
					"@executable_path/Frameworks",
				);
				PRODUCT_BUNDLE_IDENTIFIER = "tk108gabalian-gmail.com.RockMap";
				PRODUCT_NAME = "$(TARGET_NAME)";
				PROVISIONING_PROFILE_SPECIFIER = "";
				SWIFT_VERSION = 5.0;
				TARGETED_DEVICE_FAMILY = "1,2";
			};
			name = Release;
		};
		9E5CEFF625277B26001C95AA /* Debug */ = {
			isa = XCBuildConfiguration;
			baseConfigurationReference = 226B19A86CFEA83B2FE2AE84 /* Pods-RockMapTests.debug.xcconfig */;
			buildSettings = {
				ALWAYS_EMBED_SWIFT_STANDARD_LIBRARIES = YES;
				BUNDLE_LOADER = "$(TEST_HOST)";
				CODE_SIGN_STYLE = Automatic;
				INFOPLIST_FILE = RockMapTests/Info.plist;
				IPHONEOS_DEPLOYMENT_TARGET = 14.0;
				LD_RUNPATH_SEARCH_PATHS = (
					"$(inherited)",
					"@executable_path/Frameworks",
					"@loader_path/Frameworks",
				);
				PRODUCT_BUNDLE_IDENTIFIER = "tk108gabalian-gmail.com.RockMapTests";
				PRODUCT_NAME = "$(TARGET_NAME)";
				SWIFT_VERSION = 5.0;
				TARGETED_DEVICE_FAMILY = "1,2";
				TEST_HOST = "$(BUILT_PRODUCTS_DIR)/RockMap.app/RockMap";
			};
			name = Debug;
		};
		9E5CEFF725277B26001C95AA /* Release */ = {
			isa = XCBuildConfiguration;
			baseConfigurationReference = 615CD656AF40477A302876F6 /* Pods-RockMapTests.release.xcconfig */;
			buildSettings = {
				ALWAYS_EMBED_SWIFT_STANDARD_LIBRARIES = YES;
				BUNDLE_LOADER = "$(TEST_HOST)";
				CODE_SIGN_STYLE = Automatic;
				INFOPLIST_FILE = RockMapTests/Info.plist;
				IPHONEOS_DEPLOYMENT_TARGET = 14.0;
				LD_RUNPATH_SEARCH_PATHS = (
					"$(inherited)",
					"@executable_path/Frameworks",
					"@loader_path/Frameworks",
				);
				PRODUCT_BUNDLE_IDENTIFIER = "tk108gabalian-gmail.com.RockMapTests";
				PRODUCT_NAME = "$(TARGET_NAME)";
				SWIFT_VERSION = 5.0;
				TARGETED_DEVICE_FAMILY = "1,2";
				TEST_HOST = "$(BUILT_PRODUCTS_DIR)/RockMap.app/RockMap";
			};
			name = Release;
		};
		9E5CEFF925277B26001C95AA /* Debug */ = {
			isa = XCBuildConfiguration;
			baseConfigurationReference = 6A8D4469AB6661D2935D7507 /* Pods-RockMap-RockMapUITests.debug.xcconfig */;
			buildSettings = {
				ALWAYS_EMBED_SWIFT_STANDARD_LIBRARIES = YES;
				CODE_SIGN_STYLE = Automatic;
				INFOPLIST_FILE = RockMapUITests/Info.plist;
				LD_RUNPATH_SEARCH_PATHS = (
					"$(inherited)",
					"@executable_path/Frameworks",
					"@loader_path/Frameworks",
				);
				PRODUCT_BUNDLE_IDENTIFIER = "tk108gabalian-gmail.com.RockMapUITests";
				PRODUCT_NAME = "$(TARGET_NAME)";
				SWIFT_VERSION = 5.0;
				TARGETED_DEVICE_FAMILY = "1,2";
				TEST_TARGET_NAME = RockMap;
			};
			name = Debug;
		};
		9E5CEFFA25277B26001C95AA /* Release */ = {
			isa = XCBuildConfiguration;
			baseConfigurationReference = FD02BC156288B927B18F0B8C /* Pods-RockMap-RockMapUITests.release.xcconfig */;
			buildSettings = {
				ALWAYS_EMBED_SWIFT_STANDARD_LIBRARIES = YES;
				CODE_SIGN_STYLE = Automatic;
				INFOPLIST_FILE = RockMapUITests/Info.plist;
				LD_RUNPATH_SEARCH_PATHS = (
					"$(inherited)",
					"@executable_path/Frameworks",
					"@loader_path/Frameworks",
				);
				PRODUCT_BUNDLE_IDENTIFIER = "tk108gabalian-gmail.com.RockMapUITests";
				PRODUCT_NAME = "$(TARGET_NAME)";
				SWIFT_VERSION = 5.0;
				TARGETED_DEVICE_FAMILY = "1,2";
				TEST_TARGET_NAME = RockMap;
			};
			name = Release;
		};
/* End XCBuildConfiguration section */

/* Begin XCConfigurationList section */
		9E5CEFC325277B25001C95AA /* Build configuration list for PBXProject "RockMap" */ = {
			isa = XCConfigurationList;
			buildConfigurations = (
				9E5CEFF025277B26001C95AA /* Debug */,
				9E5CEFF125277B26001C95AA /* Release */,
			);
			defaultConfigurationIsVisible = 0;
			defaultConfigurationName = Release;
		};
		9E5CEFF225277B26001C95AA /* Build configuration list for PBXNativeTarget "RockMap" */ = {
			isa = XCConfigurationList;
			buildConfigurations = (
				9E5CEFF325277B26001C95AA /* Debug */,
				9E5CEFF425277B26001C95AA /* Release */,
			);
			defaultConfigurationIsVisible = 0;
			defaultConfigurationName = Release;
		};
		9E5CEFF525277B26001C95AA /* Build configuration list for PBXNativeTarget "RockMapTests" */ = {
			isa = XCConfigurationList;
			buildConfigurations = (
				9E5CEFF625277B26001C95AA /* Debug */,
				9E5CEFF725277B26001C95AA /* Release */,
			);
			defaultConfigurationIsVisible = 0;
			defaultConfigurationName = Release;
		};
		9E5CEFF825277B26001C95AA /* Build configuration list for PBXNativeTarget "RockMapUITests" */ = {
			isa = XCConfigurationList;
			buildConfigurations = (
				9E5CEFF925277B26001C95AA /* Debug */,
				9E5CEFFA25277B26001C95AA /* Release */,
			);
			defaultConfigurationIsVisible = 0;
			defaultConfigurationName = Release;
		};
/* End XCConfigurationList section */
	};
	rootObject = 9E5CEFC025277B25001C95AA /* Project object */;
}
